
Microsoft Visual Studio Solution File, Format Version 12.00
# Visual Studio Version 17
VisualStudioVersion = 17.6.33617.297
MinimumVisualStudioVersion = 10.0.40219.1
Project("{D954291E-2A0B-460D-934E-DC6B0785DB48}") = "CoolapkUNO.Shared", "CoolapkUNO\CoolapkUNO.Shared\CoolapkUNO.Shared.shproj", "{6279C845-92F8-4333-AB99-3D213163593C}"
EndProject
Project("{FAE04EC0-301F-11D3-BF4B-00C04F79EFBC}") = "CoolapkUNO.Mobile", "CoolapkUNO\CoolapkUNO.Mobile\CoolapkUNO.Mobile.csproj", "{57DAB192-38D2-4719-817A-4A594415D938}"
EndProject
Project("{FAE04EC0-301F-11D3-BF4B-00C04F79EFBC}") = "CoolapkUNO.Uwp", "CoolapkUNO\CoolapkUNO.UWP\CoolapkUNO.Uwp.csproj", "{9BC97DD4-D595-4209-9CCF-89B60EA11F6B}"
EndProject
Project("{FAE04EC0-301F-11D3-BF4B-00C04F79EFBC}") = "CoolapkUNO.Skia.Gtk", "CoolapkUNO\CoolapkUNO.Skia.Gtk\CoolapkUNO.Skia.Gtk.csproj", "{FC7E6792-60B0-4CF9-9DC5-D5871E336507}"
EndProject
Project("{FAE04EC0-301F-11D3-BF4B-00C04F79EFBC}") = "CoolapkUNO.Skia.Wpf", "CoolapkUNO\CoolapkUNO.Skia.WPF\CoolapkUNO.Skia.Wpf.csproj", "{CD47F092-66A8-4A05-8F19-6E61BF5C4561}"
EndProject
Project("{FAE04EC0-301F-11D3-BF4B-00C04F79EFBC}") = "CoolapkUNO.Skia.Linux.FrameBuffer", "CoolapkUNO\CoolapkUNO.Skia.Linux.FrameBuffer\CoolapkUNO.Skia.Linux.FrameBuffer.csproj", "{266F4565-4396-42A3-A298-D7571B0E9ED2}"
EndProject
Project("{2150E333-8FDC-42A3-9474-1A3956D46DE8}") = "Platforms", "Platforms", "{60BF482E-D60E-45DC-8ECD-65382C3FD4D5}"
EndProject
Project("{9A19103F-16F7-4668-BE54-9A1E7A4F7556}") = "CoolapkUNO.Wasm", "CoolapkUNO\CoolapkUNO.Wasm\CoolapkUNO.Wasm.csproj", "{7B3F8DB3-BB0D-4318-975D-0919B7535D31}"
EndProject
Global
	GlobalSection(SolutionConfigurationPlatforms) = preSolution
		Debug|Any CPU = Debug|Any CPU
		Debug|ARM = Debug|ARM
		Debug|ARM64 = Debug|ARM64
		Debug|x64 = Debug|x64
		Debug|x86 = Debug|x86
		Release|Any CPU = Release|Any CPU
		Release|ARM = Release|ARM
		Release|ARM64 = Release|ARM64
		Release|x64 = Release|x64
		Release|x86 = Release|x86
	EndGlobalSection
	GlobalSection(ProjectConfigurationPlatforms) = postSolution
		{57DAB192-38D2-4719-817A-4A594415D938}.Debug|Any CPU.ActiveCfg = Debug|Any CPU
		{57DAB192-38D2-4719-817A-4A594415D938}.Debug|Any CPU.Build.0 = Debug|Any CPU
		{57DAB192-38D2-4719-817A-4A594415D938}.Debug|Any CPU.Deploy.0 = Debug|Any CPU
		{57DAB192-38D2-4719-817A-4A594415D938}.Debug|ARM.ActiveCfg = Debug|Any CPU
		{57DAB192-38D2-4719-817A-4A594415D938}.Debug|ARM.Build.0 = Debug|Any CPU
		{57DAB192-38D2-4719-817A-4A594415D938}.Debug|ARM.Deploy.0 = Debug|Any CPU
		{57DAB192-38D2-4719-817A-4A594415D938}.Debug|ARM64.ActiveCfg = Debug|Any CPU
		{57DAB192-38D2-4719-817A-4A594415D938}.Debug|ARM64.Build.0 = Debug|Any CPU
		{57DAB192-38D2-4719-817A-4A594415D938}.Debug|ARM64.Deploy.0 = Debug|Any CPU
		{57DAB192-38D2-4719-817A-4A594415D938}.Debug|x64.ActiveCfg = Debug|Any CPU
		{57DAB192-38D2-4719-817A-4A594415D938}.Debug|x64.Build.0 = Debug|Any CPU
		{57DAB192-38D2-4719-817A-4A594415D938}.Debug|x64.Deploy.0 = Debug|Any CPU
		{57DAB192-38D2-4719-817A-4A594415D938}.Debug|x86.ActiveCfg = Debug|Any CPU
		{57DAB192-38D2-4719-817A-4A594415D938}.Debug|x86.Build.0 = Debug|Any CPU
		{57DAB192-38D2-4719-817A-4A594415D938}.Debug|x86.Deploy.0 = Debug|Any CPU
		{57DAB192-38D2-4719-817A-4A594415D938}.Release|Any CPU.ActiveCfg = Release|Any CPU
		{57DAB192-38D2-4719-817A-4A594415D938}.Release|Any CPU.Build.0 = Release|Any CPU
		{57DAB192-38D2-4719-817A-4A594415D938}.Release|Any CPU.Deploy.0 = Release|Any CPU
		{57DAB192-38D2-4719-817A-4A594415D938}.Release|ARM.ActiveCfg = Release|Any CPU
		{57DAB192-38D2-4719-817A-4A594415D938}.Release|ARM.Build.0 = Release|Any CPU
		{57DAB192-38D2-4719-817A-4A594415D938}.Release|ARM.Deploy.0 = Release|Any CPU
		{57DAB192-38D2-4719-817A-4A594415D938}.Release|ARM64.ActiveCfg = Release|Any CPU
		{57DAB192-38D2-4719-817A-4A594415D938}.Release|ARM64.Build.0 = Release|Any CPU
		{57DAB192-38D2-4719-817A-4A594415D938}.Release|ARM64.Deploy.0 = Release|Any CPU
		{57DAB192-38D2-4719-817A-4A594415D938}.Release|x64.ActiveCfg = Release|Any CPU
		{57DAB192-38D2-4719-817A-4A594415D938}.Release|x64.Build.0 = Release|Any CPU
		{57DAB192-38D2-4719-817A-4A594415D938}.Release|x64.Deploy.0 = Release|Any CPU
		{57DAB192-38D2-4719-817A-4A594415D938}.Release|x86.ActiveCfg = Release|Any CPU
		{57DAB192-38D2-4719-817A-4A594415D938}.Release|x86.Build.0 = Release|Any CPU
		{57DAB192-38D2-4719-817A-4A594415D938}.Release|x86.Deploy.0 = Release|Any CPU
		{9BC97DD4-D595-4209-9CCF-89B60EA11F6B}.Debug|Any CPU.ActiveCfg = Debug|x64
		{9BC97DD4-D595-4209-9CCF-89B60EA11F6B}.Debug|Any CPU.Build.0 = Debug|x64
		{9BC97DD4-D595-4209-9CCF-89B60EA11F6B}.Debug|Any CPU.Deploy.0 = Debug|x64
		{9BC97DD4-D595-4209-9CCF-89B60EA11F6B}.Debug|ARM.ActiveCfg = Debug|ARM
		{9BC97DD4-D595-4209-9CCF-89B60EA11F6B}.Debug|ARM.Build.0 = Debug|ARM
		{9BC97DD4-D595-4209-9CCF-89B60EA11F6B}.Debug|ARM.Deploy.0 = Debug|ARM
		{9BC97DD4-D595-4209-9CCF-89B60EA11F6B}.Debug|ARM64.ActiveCfg = Debug|ARM64
		{9BC97DD4-D595-4209-9CCF-89B60EA11F6B}.Debug|ARM64.Build.0 = Debug|ARM64
		{9BC97DD4-D595-4209-9CCF-89B60EA11F6B}.Debug|ARM64.Deploy.0 = Debug|ARM64
		{9BC97DD4-D595-4209-9CCF-89B60EA11F6B}.Debug|x64.ActiveCfg = Debug|x64
		{9BC97DD4-D595-4209-9CCF-89B60EA11F6B}.Debug|x64.Build.0 = Debug|x64
		{9BC97DD4-D595-4209-9CCF-89B60EA11F6B}.Debug|x64.Deploy.0 = Debug|x64
		{9BC97DD4-D595-4209-9CCF-89B60EA11F6B}.Debug|x86.ActiveCfg = Debug|x86
		{9BC97DD4-D595-4209-9CCF-89B60EA11F6B}.Debug|x86.Build.0 = Debug|x86
		{9BC97DD4-D595-4209-9CCF-89B60EA11F6B}.Debug|x86.Deploy.0 = Debug|x86
		{9BC97DD4-D595-4209-9CCF-89B60EA11F6B}.Release|Any CPU.ActiveCfg = Release|x64
		{9BC97DD4-D595-4209-9CCF-89B60EA11F6B}.Release|Any CPU.Build.0 = Release|x64
		{9BC97DD4-D595-4209-9CCF-89B60EA11F6B}.Release|Any CPU.Deploy.0 = Release|x64
		{9BC97DD4-D595-4209-9CCF-89B60EA11F6B}.Release|ARM.ActiveCfg = Release|ARM
		{9BC97DD4-D595-4209-9CCF-89B60EA11F6B}.Release|ARM.Build.0 = Release|ARM
		{9BC97DD4-D595-4209-9CCF-89B60EA11F6B}.Release|ARM.Deploy.0 = Release|ARM
		{9BC97DD4-D595-4209-9CCF-89B60EA11F6B}.Release|ARM64.ActiveCfg = Release|ARM64
		{9BC97DD4-D595-4209-9CCF-89B60EA11F6B}.Release|ARM64.Build.0 = Release|ARM64
		{9BC97DD4-D595-4209-9CCF-89B60EA11F6B}.Release|ARM64.Deploy.0 = Release|ARM64
		{9BC97DD4-D595-4209-9CCF-89B60EA11F6B}.Release|x64.ActiveCfg = Release|x64
		{9BC97DD4-D595-4209-9CCF-89B60EA11F6B}.Release|x64.Build.0 = Release|x64
		{9BC97DD4-D595-4209-9CCF-89B60EA11F6B}.Release|x64.Deploy.0 = Release|x64
		{9BC97DD4-D595-4209-9CCF-89B60EA11F6B}.Release|x86.ActiveCfg = Release|x86
		{9BC97DD4-D595-4209-9CCF-89B60EA11F6B}.Release|x86.Build.0 = Release|x86
		{9BC97DD4-D595-4209-9CCF-89B60EA11F6B}.Release|x86.Deploy.0 = Release|x86
		{FC7E6792-60B0-4CF9-9DC5-D5871E336507}.Debug|Any CPU.ActiveCfg = Debug|Any CPU
		{FC7E6792-60B0-4CF9-9DC5-D5871E336507}.Debug|Any CPU.Build.0 = Debug|Any CPU
		{FC7E6792-60B0-4CF9-9DC5-D5871E336507}.Debug|ARM.ActiveCfg = Debug|Any CPU
		{FC7E6792-60B0-4CF9-9DC5-D5871E336507}.Debug|ARM.Build.0 = Debug|Any CPU
		{FC7E6792-60B0-4CF9-9DC5-D5871E336507}.Debug|ARM64.ActiveCfg = Debug|Any CPU
		{FC7E6792-60B0-4CF9-9DC5-D5871E336507}.Debug|ARM64.Build.0 = Debug|Any CPU
		{FC7E6792-60B0-4CF9-9DC5-D5871E336507}.Debug|x64.ActiveCfg = Debug|Any CPU
		{FC7E6792-60B0-4CF9-9DC5-D5871E336507}.Debug|x64.Build.0 = Debug|Any CPU
		{FC7E6792-60B0-4CF9-9DC5-D5871E336507}.Debug|x86.ActiveCfg = Debug|Any CPU
		{FC7E6792-60B0-4CF9-9DC5-D5871E336507}.Debug|x86.Build.0 = Debug|Any CPU
		{FC7E6792-60B0-4CF9-9DC5-D5871E336507}.Release|Any CPU.ActiveCfg = Release|Any CPU
		{FC7E6792-60B0-4CF9-9DC5-D5871E336507}.Release|Any CPU.Build.0 = Release|Any CPU
		{FC7E6792-60B0-4CF9-9DC5-D5871E336507}.Release|ARM.ActiveCfg = Release|Any CPU
		{FC7E6792-60B0-4CF9-9DC5-D5871E336507}.Release|ARM.Build.0 = Release|Any CPU
		{FC7E6792-60B0-4CF9-9DC5-D5871E336507}.Release|ARM64.ActiveCfg = Release|Any CPU
		{FC7E6792-60B0-4CF9-9DC5-D5871E336507}.Release|ARM64.Build.0 = Release|Any CPU
		{FC7E6792-60B0-4CF9-9DC5-D5871E336507}.Release|x64.ActiveCfg = Release|Any CPU
		{FC7E6792-60B0-4CF9-9DC5-D5871E336507}.Release|x64.Build.0 = Release|Any CPU
		{FC7E6792-60B0-4CF9-9DC5-D5871E336507}.Release|x86.ActiveCfg = Release|Any CPU
		{FC7E6792-60B0-4CF9-9DC5-D5871E336507}.Release|x86.Build.0 = Release|Any CPU
		{CD47F092-66A8-4A05-8F19-6E61BF5C4561}.Debug|Any CPU.ActiveCfg = Debug|Any CPU
		{CD47F092-66A8-4A05-8F19-6E61BF5C4561}.Debug|Any CPU.Build.0 = Debug|Any CPU
		{CD47F092-66A8-4A05-8F19-6E61BF5C4561}.Debug|ARM.ActiveCfg = Debug|Any CPU
		{CD47F092-66A8-4A05-8F19-6E61BF5C4561}.Debug|ARM.Build.0 = Debug|Any CPU
		{CD47F092-66A8-4A05-8F19-6E61BF5C4561}.Debug|ARM64.ActiveCfg = Debug|Any CPU
		{CD47F092-66A8-4A05-8F19-6E61BF5C4561}.Debug|ARM64.Build.0 = Debug|Any CPU
		{CD47F092-66A8-4A05-8F19-6E61BF5C4561}.Debug|x64.ActiveCfg = Debug|Any CPU
		{CD47F092-66A8-4A05-8F19-6E61BF5C4561}.Debug|x64.Build.0 = Debug|Any CPU
		{CD47F092-66A8-4A05-8F19-6E61BF5C4561}.Debug|x86.ActiveCfg = Debug|Any CPU
		{CD47F092-66A8-4A05-8F19-6E61BF5C4561}.Debug|x86.Build.0 = Debug|Any CPU
		{CD47F092-66A8-4A05-8F19-6E61BF5C4561}.Release|Any CPU.ActiveCfg = Release|Any CPU
		{CD47F092-66A8-4A05-8F19-6E61BF5C4561}.Release|Any CPU.Build.0 = Release|Any CPU
		{CD47F092-66A8-4A05-8F19-6E61BF5C4561}.Release|ARM.ActiveCfg = Release|Any CPU
		{CD47F092-66A8-4A05-8F19-6E61BF5C4561}.Release|ARM.Build.0 = Release|Any CPU
		{CD47F092-66A8-4A05-8F19-6E61BF5C4561}.Release|ARM64.ActiveCfg = Release|Any CPU
		{CD47F092-66A8-4A05-8F19-6E61BF5C4561}.Release|ARM64.Build.0 = Release|Any CPU
		{CD47F092-66A8-4A05-8F19-6E61BF5C4561}.Release|x64.ActiveCfg = Release|Any CPU
		{CD47F092-66A8-4A05-8F19-6E61BF5C4561}.Release|x64.Build.0 = Release|Any CPU
		{CD47F092-66A8-4A05-8F19-6E61BF5C4561}.Release|x86.ActiveCfg = Release|Any CPU
		{CD47F092-66A8-4A05-8F19-6E61BF5C4561}.Release|x86.Build.0 = Release|Any CPU
		{266F4565-4396-42A3-A298-D7571B0E9ED2}.Debug|Any CPU.ActiveCfg = Debug|Any CPU
		{266F4565-4396-42A3-A298-D7571B0E9ED2}.Debug|Any CPU.Build.0 = Debug|Any CPU
		{266F4565-4396-42A3-A298-D7571B0E9ED2}.Debug|ARM.ActiveCfg = Debug|Any CPU
		{266F4565-4396-42A3-A298-D7571B0E9ED2}.Debug|ARM.Build.0 = Debug|Any CPU
		{266F4565-4396-42A3-A298-D7571B0E9ED2}.Debug|ARM64.ActiveCfg = Debug|Any CPU
		{266F4565-4396-42A3-A298-D7571B0E9ED2}.Debug|ARM64.Build.0 = Debug|Any CPU
		{266F4565-4396-42A3-A298-D7571B0E9ED2}.Debug|x64.ActiveCfg = Debug|Any CPU
		{266F4565-4396-42A3-A298-D7571B0E9ED2}.Debug|x64.Build.0 = Debug|Any CPU
		{266F4565-4396-42A3-A298-D7571B0E9ED2}.Debug|x86.ActiveCfg = Debug|Any CPU
		{266F4565-4396-42A3-A298-D7571B0E9ED2}.Debug|x86.Build.0 = Debug|Any CPU
		{266F4565-4396-42A3-A298-D7571B0E9ED2}.Release|Any CPU.ActiveCfg = Release|Any CPU
		{266F4565-4396-42A3-A298-D7571B0E9ED2}.Release|Any CPU.Build.0 = Release|Any CPU
		{266F4565-4396-42A3-A298-D7571B0E9ED2}.Release|ARM.ActiveCfg = Release|Any CPU
		{266F4565-4396-42A3-A298-D7571B0E9ED2}.Release|ARM.Build.0 = Release|Any CPU
		{266F4565-4396-42A3-A298-D7571B0E9ED2}.Release|ARM64.ActiveCfg = Release|Any CPU
		{266F4565-4396-42A3-A298-D7571B0E9ED2}.Release|ARM64.Build.0 = Release|Any CPU
		{266F4565-4396-42A3-A298-D7571B0E9ED2}.Release|x64.ActiveCfg = Release|Any CPU
		{266F4565-4396-42A3-A298-D7571B0E9ED2}.Release|x64.Build.0 = Release|Any CPU
		{266F4565-4396-42A3-A298-D7571B0E9ED2}.Release|x86.ActiveCfg = Release|Any CPU
		{266F4565-4396-42A3-A298-D7571B0E9ED2}.Release|x86.Build.0 = Release|Any CPU
		{7B3F8DB3-BB0D-4318-975D-0919B7535D31}.Debug|Any CPU.ActiveCfg = Debug|Any CPU
		{7B3F8DB3-BB0D-4318-975D-0919B7535D31}.Debug|Any CPU.Build.0 = Debug|Any CPU
		{7B3F8DB3-BB0D-4318-975D-0919B7535D31}.Debug|ARM.ActiveCfg = Debug|Any CPU
		{7B3F8DB3-BB0D-4318-975D-0919B7535D31}.Debug|ARM.Build.0 = Debug|Any CPU
		{7B3F8DB3-BB0D-4318-975D-0919B7535D31}.Debug|ARM64.ActiveCfg = Debug|Any CPU
		{7B3F8DB3-BB0D-4318-975D-0919B7535D31}.Debug|ARM64.Build.0 = Debug|Any CPU
		{7B3F8DB3-BB0D-4318-975D-0919B7535D31}.Debug|x64.ActiveCfg = Debug|Any CPU
		{7B3F8DB3-BB0D-4318-975D-0919B7535D31}.Debug|x64.Build.0 = Debug|Any CPU
		{7B3F8DB3-BB0D-4318-975D-0919B7535D31}.Debug|x86.ActiveCfg = Debug|Any CPU
		{7B3F8DB3-BB0D-4318-975D-0919B7535D31}.Debug|x86.Build.0 = Debug|Any CPU
		{7B3F8DB3-BB0D-4318-975D-0919B7535D31}.Release|Any CPU.ActiveCfg = Release|Any CPU
		{7B3F8DB3-BB0D-4318-975D-0919B7535D31}.Release|Any CPU.Build.0 = Release|Any CPU
		{7B3F8DB3-BB0D-4318-975D-0919B7535D31}.Release|ARM.ActiveCfg = Release|Any CPU
		{7B3F8DB3-BB0D-4318-975D-0919B7535D31}.Release|ARM.Build.0 = Release|Any CPU
		{7B3F8DB3-BB0D-4318-975D-0919B7535D31}.Release|ARM64.ActiveCfg = Release|Any CPU
		{7B3F8DB3-BB0D-4318-975D-0919B7535D31}.Release|ARM64.Build.0 = Release|Any CPU
		{7B3F8DB3-BB0D-4318-975D-0919B7535D31}.Release|x64.ActiveCfg = Release|Any CPU
		{7B3F8DB3-BB0D-4318-975D-0919B7535D31}.Release|x64.Build.0 = Release|Any CPU
		{7B3F8DB3-BB0D-4318-975D-0919B7535D31}.Release|x86.ActiveCfg = Release|Any CPU
		{7B3F8DB3-BB0D-4318-975D-0919B7535D31}.Release|x86.Build.0 = Release|Any CPU
	EndGlobalSection
	GlobalSection(SolutionProperties) = preSolution
		HideSolutionNode = FALSE
	EndGlobalSection
	GlobalSection(NestedProjects) = preSolution
		{57DAB192-38D2-4719-817A-4A594415D938} = {60BF482E-D60E-45DC-8ECD-65382C3FD4D5}
		{9BC97DD4-D595-4209-9CCF-89B60EA11F6B} = {60BF482E-D60E-45DC-8ECD-65382C3FD4D5}
		{FC7E6792-60B0-4CF9-9DC5-D5871E336507} = {60BF482E-D60E-45DC-8ECD-65382C3FD4D5}
		{CD47F092-66A8-4A05-8F19-6E61BF5C4561} = {60BF482E-D60E-45DC-8ECD-65382C3FD4D5}
		{266F4565-4396-42A3-A298-D7571B0E9ED2} = {60BF482E-D60E-45DC-8ECD-65382C3FD4D5}
		{7B3F8DB3-BB0D-4318-975D-0919B7535D31} = {60BF482E-D60E-45DC-8ECD-65382C3FD4D5}
	EndGlobalSection
	GlobalSection(ExtensibilityGlobals) = postSolution
		SolutionGuid = {A38E0638-8AF6-45F4-8599-C9A0E3589C96}
	EndGlobalSection
	GlobalSection(SharedMSBuildProjectFiles) = preSolution
		CoolapkUNO\CoolapkUNO.Shared\CoolapkUNO.Shared.projitems*{266f4565-4396-42a3-a298-d7571b0e9ed2}*SharedItemsImports = 5
		CoolapkUNO\CoolapkUNO.Shared\CoolapkUNO.Shared.projitems*{57dab192-38d2-4719-817a-4a594415d938}*SharedItemsImports = 5
		CoolapkUNO\CoolapkUNO.Shared\CoolapkUNO.Shared.projitems*{6279c845-92f8-4333-ab99-3d213163593c}*SharedItemsImports = 13
		CoolapkUNO\CoolapkUNO.Shared\CoolapkUNO.Shared.projitems*{7b3f8db3-bb0d-4318-975d-0919b7535d31}*SharedItemsImports = 5
		CoolapkUNO\CoolapkUNO.Shared\CoolapkUNO.Shared.projitems*{9bc97dd4-d595-4209-9ccf-89b60ea11f6b}*SharedItemsImports = 4
		CoolapkUNO\CoolapkUNO.Shared\CoolapkUNO.Shared.projitems*{cd47f092-66a8-4a05-8f19-6e61bf5c4561}*SharedItemsImports = 5
		CoolapkUNO\CoolapkUNO.Shared\CoolapkUNO.Shared.projitems*{fc7e6792-60b0-4cf9-9dc5-d5871e336507}*SharedItemsImports = 5
	EndGlobalSection
EndGlobal
