
Microsoft Visual Studio Solution File, Format Version 12.00
# Visual Studio Version 17
VisualStudioVersion = 17.2.32422.2
MinimumVisualStudioVersion = 10.0.40219.1
Project("{D954291E-2A0B-460D-934E-DC6B0785DB48}") = "CoolapkUNO.Shared", "CoolapkUNO\CoolapkUNO.Shared\CoolapkUNO.Shared.shproj", "{6279C845-92F8-4333-AB99-3D213163593C}"
EndProject
Project("{2150E333-8FDC-42A3-9474-1A3956D46DE8}") = "Platforms", "Platforms", "{42F87192-2A5F-4240-9D99-A14E8C37EFBD}"
EndProject
Project("{FAE04EC0-301F-11D3-BF4B-00C04F79EFBC}") = "CoolapkUNO.Droid", "CoolapkUNO\CoolapkUNO.Droid\CoolapkUNO.Droid.csproj", "{F200CBE1-C500-4AF8-A8C2-F4E2E3337B59}"
EndProject
Project("{FAE04EC0-301F-11D3-BF4B-00C04F79EFBC}") = "CoolapkUNO.iOS", "CoolapkUNO\CoolapkUNO.iOS\CoolapkUNO.iOS.csproj", "{28FD541E-9EDE-4CF0-AFDE-0DB3D9490641}"
EndProject
Project("{FAE04EC0-301F-11D3-BF4B-00C04F79EFBC}") = "CoolapkUNO.UWP", "CoolapkUNO\CoolapkUNO.UWP\CoolapkUNO.UWP.csproj", "{432080AA-7FB7-422A-B066-885372800272}"
EndProject
Project("{FAE04EC0-301F-11D3-BF4B-00C04F79EFBC}") = "CoolapkUNO.Wasm", "CoolapkUNO\CoolapkUNO.Wasm\CoolapkUNO.Wasm.csproj", "{18A5D8E5-0ABB-496D-975F-007B4CFC9A25}"
EndProject
Project("{FAE04EC0-301F-11D3-BF4B-00C04F79EFBC}") = "CoolapkUNO.macOS", "CoolapkUNO\CoolapkUNO.macOS\CoolapkUNO.macOS.csproj", "{32CF33BD-F381-430C-A861-65B598F79975}"
EndProject
Project("{FAE04EC0-301F-11D3-BF4B-00C04F79EFBC}") = "CoolapkUNO.Skia.Wpf.Host", "CoolapkUNO\CoolapkUNO.Skia.Wpf.Host\CoolapkUNO.Skia.Wpf.Host.csproj", "{A0075F25-1F77-42DD-9A76-6F9346F98C4E}"
EndProject
Project("{FAE04EC0-301F-11D3-BF4B-00C04F79EFBC}") = "CoolapkUNO.Skia.Wpf", "CoolapkUNO\CoolapkUNO.Skia.Wpf\CoolapkUNO.Skia.Wpf.csproj", "{49C65BC3-BB59-4E7A-B34B-AB26F6B12238}"
EndProject
Project("{FAE04EC0-301F-11D3-BF4B-00C04F79EFBC}") = "CoolapkUNO.Skia.Gtk", "CoolapkUNO\CoolapkUNO.Skia.Gtk\CoolapkUNO.Skia.Gtk.csproj", "{11AC9B63-1450-4B66-84C7-D7E646ECC41C}"
EndProject
Project("{FAE04EC0-301F-11D3-BF4B-00C04F79EFBC}") = "CoolapkUNO.Skia.Tizen", "CoolapkUNO\CoolapkUNO.Skia.Tizen\CoolapkUNO.Skia.Tizen.csproj", "{48A1152D-D439-4E71-9943-959195E5AD67}"
EndProject
Global
	GlobalSection(SolutionConfigurationPlatforms) = preSolution
		Ad-Hoc|Any CPU = Ad-Hoc|Any CPU
		Ad-Hoc|ARM = Ad-Hoc|ARM
		Ad-Hoc|ARM64 = Ad-Hoc|ARM64
		Ad-Hoc|iPhone = Ad-Hoc|iPhone
		Ad-Hoc|iPhoneSimulator = Ad-Hoc|iPhoneSimulator
		Ad-Hoc|x64 = Ad-Hoc|x64
		Ad-Hoc|x86 = Ad-Hoc|x86
		AppStore|Any CPU = AppStore|Any CPU
		AppStore|ARM = AppStore|ARM
		AppStore|ARM64 = AppStore|ARM64
		AppStore|iPhone = AppStore|iPhone
		AppStore|iPhoneSimulator = AppStore|iPhoneSimulator
		AppStore|x64 = AppStore|x64
		AppStore|x86 = AppStore|x86
		Debug|Any CPU = Debug|Any CPU
		Debug|ARM = Debug|ARM
		Debug|ARM64 = Debug|ARM64
		Debug|iPhone = Debug|iPhone
		Debug|iPhoneSimulator = Debug|iPhoneSimulator
		Debug|x64 = Debug|x64
		Debug|x86 = Debug|x86
		Release|Any CPU = Release|Any CPU
		Release|ARM = Release|ARM
		Release|ARM64 = Release|ARM64
		Release|iPhone = Release|iPhone
		Release|iPhoneSimulator = Release|iPhoneSimulator
		Release|x64 = Release|x64
		Release|x86 = Release|x86
	EndGlobalSection
	GlobalSection(ProjectConfigurationPlatforms) = postSolution
		{F200CBE1-C500-4AF8-A8C2-F4E2E3337B59}.Ad-Hoc|Any CPU.ActiveCfg = Debug|Any CPU
		{F200CBE1-C500-4AF8-A8C2-F4E2E3337B59}.Ad-Hoc|Any CPU.Build.0 = Debug|Any CPU
		{F200CBE1-C500-4AF8-A8C2-F4E2E3337B59}.Ad-Hoc|Any CPU.Deploy.0 = Debug|Any CPU
		{F200CBE1-C500-4AF8-A8C2-F4E2E3337B59}.Ad-Hoc|ARM.ActiveCfg = Debug|Any CPU
		{F200CBE1-C500-4AF8-A8C2-F4E2E3337B59}.Ad-Hoc|ARM.Build.0 = Debug|Any CPU
		{F200CBE1-C500-4AF8-A8C2-F4E2E3337B59}.Ad-Hoc|ARM.Deploy.0 = Debug|Any CPU
		{F200CBE1-C500-4AF8-A8C2-F4E2E3337B59}.Ad-Hoc|ARM64.ActiveCfg = Debug|Any CPU
		{F200CBE1-C500-4AF8-A8C2-F4E2E3337B59}.Ad-Hoc|ARM64.Build.0 = Debug|Any CPU
		{F200CBE1-C500-4AF8-A8C2-F4E2E3337B59}.Ad-Hoc|ARM64.Deploy.0 = Debug|Any CPU
		{F200CBE1-C500-4AF8-A8C2-F4E2E3337B59}.Ad-Hoc|iPhone.ActiveCfg = Debug|Any CPU
		{F200CBE1-C500-4AF8-A8C2-F4E2E3337B59}.Ad-Hoc|iPhone.Build.0 = Debug|Any CPU
		{F200CBE1-C500-4AF8-A8C2-F4E2E3337B59}.Ad-Hoc|iPhone.Deploy.0 = Debug|Any CPU
		{F200CBE1-C500-4AF8-A8C2-F4E2E3337B59}.Ad-Hoc|iPhoneSimulator.ActiveCfg = Debug|Any CPU
		{F200CBE1-C500-4AF8-A8C2-F4E2E3337B59}.Ad-Hoc|iPhoneSimulator.Build.0 = Debug|Any CPU
		{F200CBE1-C500-4AF8-A8C2-F4E2E3337B59}.Ad-Hoc|iPhoneSimulator.Deploy.0 = Debug|Any CPU
		{F200CBE1-C500-4AF8-A8C2-F4E2E3337B59}.Ad-Hoc|x64.ActiveCfg = Debug|Any CPU
		{F200CBE1-C500-4AF8-A8C2-F4E2E3337B59}.Ad-Hoc|x64.Build.0 = Debug|Any CPU
		{F200CBE1-C500-4AF8-A8C2-F4E2E3337B59}.Ad-Hoc|x64.Deploy.0 = Debug|Any CPU
		{F200CBE1-C500-4AF8-A8C2-F4E2E3337B59}.Ad-Hoc|x86.ActiveCfg = Debug|Any CPU
		{F200CBE1-C500-4AF8-A8C2-F4E2E3337B59}.Ad-Hoc|x86.Build.0 = Debug|Any CPU
		{F200CBE1-C500-4AF8-A8C2-F4E2E3337B59}.Ad-Hoc|x86.Deploy.0 = Debug|Any CPU
		{F200CBE1-C500-4AF8-A8C2-F4E2E3337B59}.AppStore|Any CPU.ActiveCfg = Debug|Any CPU
		{F200CBE1-C500-4AF8-A8C2-F4E2E3337B59}.AppStore|Any CPU.Build.0 = Debug|Any CPU
		{F200CBE1-C500-4AF8-A8C2-F4E2E3337B59}.AppStore|Any CPU.Deploy.0 = Debug|Any CPU
		{F200CBE1-C500-4AF8-A8C2-F4E2E3337B59}.AppStore|ARM.ActiveCfg = Debug|Any CPU
		{F200CBE1-C500-4AF8-A8C2-F4E2E3337B59}.AppStore|ARM.Build.0 = Debug|Any CPU
		{F200CBE1-C500-4AF8-A8C2-F4E2E3337B59}.AppStore|ARM.Deploy.0 = Debug|Any CPU
		{F200CBE1-C500-4AF8-A8C2-F4E2E3337B59}.AppStore|ARM64.ActiveCfg = Debug|Any CPU
		{F200CBE1-C500-4AF8-A8C2-F4E2E3337B59}.AppStore|ARM64.Build.0 = Debug|Any CPU
		{F200CBE1-C500-4AF8-A8C2-F4E2E3337B59}.AppStore|ARM64.Deploy.0 = Debug|Any CPU
		{F200CBE1-C500-4AF8-A8C2-F4E2E3337B59}.AppStore|iPhone.ActiveCfg = Debug|Any CPU
		{F200CBE1-C500-4AF8-A8C2-F4E2E3337B59}.AppStore|iPhone.Build.0 = Debug|Any CPU
		{F200CBE1-C500-4AF8-A8C2-F4E2E3337B59}.AppStore|iPhone.Deploy.0 = Debug|Any CPU
		{F200CBE1-C500-4AF8-A8C2-F4E2E3337B59}.AppStore|iPhoneSimulator.ActiveCfg = Debug|Any CPU
		{F200CBE1-C500-4AF8-A8C2-F4E2E3337B59}.AppStore|iPhoneSimulator.Build.0 = Debug|Any CPU
		{F200CBE1-C500-4AF8-A8C2-F4E2E3337B59}.AppStore|iPhoneSimulator.Deploy.0 = Debug|Any CPU
		{F200CBE1-C500-4AF8-A8C2-F4E2E3337B59}.AppStore|x64.ActiveCfg = Debug|Any CPU
		{F200CBE1-C500-4AF8-A8C2-F4E2E3337B59}.AppStore|x64.Build.0 = Debug|Any CPU
		{F200CBE1-C500-4AF8-A8C2-F4E2E3337B59}.AppStore|x64.Deploy.0 = Debug|Any CPU
		{F200CBE1-C500-4AF8-A8C2-F4E2E3337B59}.AppStore|x86.ActiveCfg = Debug|Any CPU
		{F200CBE1-C500-4AF8-A8C2-F4E2E3337B59}.AppStore|x86.Build.0 = Debug|Any CPU
		{F200CBE1-C500-4AF8-A8C2-F4E2E3337B59}.AppStore|x86.Deploy.0 = Debug|Any CPU
		{F200CBE1-C500-4AF8-A8C2-F4E2E3337B59}.Debug|Any CPU.ActiveCfg = Debug|Any CPU
		{F200CBE1-C500-4AF8-A8C2-F4E2E3337B59}.Debug|Any CPU.Build.0 = Debug|Any CPU
		{F200CBE1-C500-4AF8-A8C2-F4E2E3337B59}.Debug|Any CPU.Deploy.0 = Debug|Any CPU
		{F200CBE1-C500-4AF8-A8C2-F4E2E3337B59}.Debug|ARM.ActiveCfg = Debug|Any CPU
		{F200CBE1-C500-4AF8-A8C2-F4E2E3337B59}.Debug|ARM.Build.0 = Debug|Any CPU
		{F200CBE1-C500-4AF8-A8C2-F4E2E3337B59}.Debug|ARM.Deploy.0 = Debug|Any CPU
		{F200CBE1-C500-4AF8-A8C2-F4E2E3337B59}.Debug|ARM64.ActiveCfg = Debug|Any CPU
		{F200CBE1-C500-4AF8-A8C2-F4E2E3337B59}.Debug|ARM64.Build.0 = Debug|Any CPU
		{F200CBE1-C500-4AF8-A8C2-F4E2E3337B59}.Debug|ARM64.Deploy.0 = Debug|Any CPU
		{F200CBE1-C500-4AF8-A8C2-F4E2E3337B59}.Debug|iPhone.ActiveCfg = Debug|Any CPU
		{F200CBE1-C500-4AF8-A8C2-F4E2E3337B59}.Debug|iPhone.Build.0 = Debug|Any CPU
		{F200CBE1-C500-4AF8-A8C2-F4E2E3337B59}.Debug|iPhone.Deploy.0 = Debug|Any CPU
		{F200CBE1-C500-4AF8-A8C2-F4E2E3337B59}.Debug|iPhoneSimulator.ActiveCfg = Debug|Any CPU
		{F200CBE1-C500-4AF8-A8C2-F4E2E3337B59}.Debug|iPhoneSimulator.Build.0 = Debug|Any CPU
		{F200CBE1-C500-4AF8-A8C2-F4E2E3337B59}.Debug|iPhoneSimulator.Deploy.0 = Debug|Any CPU
		{F200CBE1-C500-4AF8-A8C2-F4E2E3337B59}.Debug|x64.ActiveCfg = Debug|Any CPU
		{F200CBE1-C500-4AF8-A8C2-F4E2E3337B59}.Debug|x64.Build.0 = Debug|Any CPU
		{F200CBE1-C500-4AF8-A8C2-F4E2E3337B59}.Debug|x64.Deploy.0 = Debug|Any CPU
		{F200CBE1-C500-4AF8-A8C2-F4E2E3337B59}.Debug|x86.ActiveCfg = Debug|Any CPU
		{F200CBE1-C500-4AF8-A8C2-F4E2E3337B59}.Debug|x86.Build.0 = Debug|Any CPU
		{F200CBE1-C500-4AF8-A8C2-F4E2E3337B59}.Debug|x86.Deploy.0 = Debug|Any CPU
		{F200CBE1-C500-4AF8-A8C2-F4E2E3337B59}.Release|Any CPU.ActiveCfg = Release|Any CPU
		{F200CBE1-C500-4AF8-A8C2-F4E2E3337B59}.Release|Any CPU.Build.0 = Release|Any CPU
		{F200CBE1-C500-4AF8-A8C2-F4E2E3337B59}.Release|Any CPU.Deploy.0 = Release|Any CPU
		{F200CBE1-C500-4AF8-A8C2-F4E2E3337B59}.Release|ARM.ActiveCfg = Release|Any CPU
		{F200CBE1-C500-4AF8-A8C2-F4E2E3337B59}.Release|ARM.Build.0 = Release|Any CPU
		{F200CBE1-C500-4AF8-A8C2-F4E2E3337B59}.Release|ARM.Deploy.0 = Release|Any CPU
		{F200CBE1-C500-4AF8-A8C2-F4E2E3337B59}.Release|ARM64.ActiveCfg = Release|Any CPU
		{F200CBE1-C500-4AF8-A8C2-F4E2E3337B59}.Release|ARM64.Build.0 = Release|Any CPU
		{F200CBE1-C500-4AF8-A8C2-F4E2E3337B59}.Release|ARM64.Deploy.0 = Release|Any CPU
		{F200CBE1-C500-4AF8-A8C2-F4E2E3337B59}.Release|iPhone.ActiveCfg = Release|Any CPU
		{F200CBE1-C500-4AF8-A8C2-F4E2E3337B59}.Release|iPhone.Build.0 = Release|Any CPU
		{F200CBE1-C500-4AF8-A8C2-F4E2E3337B59}.Release|iPhone.Deploy.0 = Release|Any CPU
		{F200CBE1-C500-4AF8-A8C2-F4E2E3337B59}.Release|iPhoneSimulator.ActiveCfg = Release|Any CPU
		{F200CBE1-C500-4AF8-A8C2-F4E2E3337B59}.Release|iPhoneSimulator.Build.0 = Release|Any CPU
		{F200CBE1-C500-4AF8-A8C2-F4E2E3337B59}.Release|iPhoneSimulator.Deploy.0 = Release|Any CPU
		{F200CBE1-C500-4AF8-A8C2-F4E2E3337B59}.Release|x64.ActiveCfg = Release|Any CPU
		{F200CBE1-C500-4AF8-A8C2-F4E2E3337B59}.Release|x64.Build.0 = Release|Any CPU
		{F200CBE1-C500-4AF8-A8C2-F4E2E3337B59}.Release|x64.Deploy.0 = Release|Any CPU
		{F200CBE1-C500-4AF8-A8C2-F4E2E3337B59}.Release|x86.ActiveCfg = Release|Any CPU
		{F200CBE1-C500-4AF8-A8C2-F4E2E3337B59}.Release|x86.Build.0 = Release|Any CPU
		{F200CBE1-C500-4AF8-A8C2-F4E2E3337B59}.Release|x86.Deploy.0 = Release|Any CPU
		{28FD541E-9EDE-4CF0-AFDE-0DB3D9490641}.Ad-Hoc|Any CPU.ActiveCfg = Ad-Hoc|iPhoneSimulator
		{28FD541E-9EDE-4CF0-AFDE-0DB3D9490641}.Ad-Hoc|Any CPU.Build.0 = Ad-Hoc|iPhoneSimulator
		{28FD541E-9EDE-4CF0-AFDE-0DB3D9490641}.Ad-Hoc|ARM.ActiveCfg = Ad-Hoc|iPhoneSimulator
		{28FD541E-9EDE-4CF0-AFDE-0DB3D9490641}.Ad-Hoc|ARM.Build.0 = Ad-Hoc|iPhoneSimulator
		{28FD541E-9EDE-4CF0-AFDE-0DB3D9490641}.Ad-Hoc|ARM64.ActiveCfg = Ad-Hoc|iPhoneSimulator
		{28FD541E-9EDE-4CF0-AFDE-0DB3D9490641}.Ad-Hoc|ARM64.Build.0 = Ad-Hoc|iPhoneSimulator
		{28FD541E-9EDE-4CF0-AFDE-0DB3D9490641}.Ad-Hoc|iPhone.ActiveCfg = Ad-Hoc|iPhone
		{28FD541E-9EDE-4CF0-AFDE-0DB3D9490641}.Ad-Hoc|iPhone.Build.0 = Ad-Hoc|iPhone
		{28FD541E-9EDE-4CF0-AFDE-0DB3D9490641}.Ad-Hoc|iPhoneSimulator.ActiveCfg = Ad-Hoc|iPhoneSimulator
		{28FD541E-9EDE-4CF0-AFDE-0DB3D9490641}.Ad-Hoc|iPhoneSimulator.Build.0 = Ad-Hoc|iPhoneSimulator
		{28FD541E-9EDE-4CF0-AFDE-0DB3D9490641}.Ad-Hoc|x64.ActiveCfg = Ad-Hoc|iPhoneSimulator
		{28FD541E-9EDE-4CF0-AFDE-0DB3D9490641}.Ad-Hoc|x64.Build.0 = Ad-Hoc|iPhoneSimulator
		{28FD541E-9EDE-4CF0-AFDE-0DB3D9490641}.Ad-Hoc|x86.ActiveCfg = Ad-Hoc|iPhoneSimulator
		{28FD541E-9EDE-4CF0-AFDE-0DB3D9490641}.Ad-Hoc|x86.Build.0 = Ad-Hoc|iPhoneSimulator
		{28FD541E-9EDE-4CF0-AFDE-0DB3D9490641}.AppStore|Any CPU.ActiveCfg = AppStore|iPhoneSimulator
		{28FD541E-9EDE-4CF0-AFDE-0DB3D9490641}.AppStore|Any CPU.Build.0 = AppStore|iPhoneSimulator
		{28FD541E-9EDE-4CF0-AFDE-0DB3D9490641}.AppStore|ARM.ActiveCfg = AppStore|iPhoneSimulator
		{28FD541E-9EDE-4CF0-AFDE-0DB3D9490641}.AppStore|ARM.Build.0 = AppStore|iPhoneSimulator
		{28FD541E-9EDE-4CF0-AFDE-0DB3D9490641}.AppStore|ARM64.ActiveCfg = AppStore|iPhoneSimulator
		{28FD541E-9EDE-4CF0-AFDE-0DB3D9490641}.AppStore|ARM64.Build.0 = AppStore|iPhoneSimulator
		{28FD541E-9EDE-4CF0-AFDE-0DB3D9490641}.AppStore|iPhone.ActiveCfg = AppStore|iPhone
		{28FD541E-9EDE-4CF0-AFDE-0DB3D9490641}.AppStore|iPhone.Build.0 = AppStore|iPhone
		{28FD541E-9EDE-4CF0-AFDE-0DB3D9490641}.AppStore|iPhoneSimulator.ActiveCfg = AppStore|iPhoneSimulator
		{28FD541E-9EDE-4CF0-AFDE-0DB3D9490641}.AppStore|iPhoneSimulator.Build.0 = AppStore|iPhoneSimulator
		{28FD541E-9EDE-4CF0-AFDE-0DB3D9490641}.AppStore|x64.ActiveCfg = AppStore|iPhoneSimulator
		{28FD541E-9EDE-4CF0-AFDE-0DB3D9490641}.AppStore|x64.Build.0 = AppStore|iPhoneSimulator
		{28FD541E-9EDE-4CF0-AFDE-0DB3D9490641}.AppStore|x86.ActiveCfg = AppStore|iPhoneSimulator
		{28FD541E-9EDE-4CF0-AFDE-0DB3D9490641}.AppStore|x86.Build.0 = AppStore|iPhoneSimulator
		{28FD541E-9EDE-4CF0-AFDE-0DB3D9490641}.Debug|Any CPU.ActiveCfg = Debug|iPhoneSimulator
		{28FD541E-9EDE-4CF0-AFDE-0DB3D9490641}.Debug|Any CPU.Build.0 = Debug|iPhoneSimulator
		{28FD541E-9EDE-4CF0-AFDE-0DB3D9490641}.Debug|ARM.ActiveCfg = Debug|iPhoneSimulator
		{28FD541E-9EDE-4CF0-AFDE-0DB3D9490641}.Debug|ARM.Build.0 = Debug|iPhoneSimulator
		{28FD541E-9EDE-4CF0-AFDE-0DB3D9490641}.Debug|ARM64.ActiveCfg = Debug|iPhoneSimulator
		{28FD541E-9EDE-4CF0-AFDE-0DB3D9490641}.Debug|ARM64.Build.0 = Debug|iPhoneSimulator
		{28FD541E-9EDE-4CF0-AFDE-0DB3D9490641}.Debug|iPhone.ActiveCfg = Debug|iPhone
		{28FD541E-9EDE-4CF0-AFDE-0DB3D9490641}.Debug|iPhone.Build.0 = Debug|iPhone
		{28FD541E-9EDE-4CF0-AFDE-0DB3D9490641}.Debug|iPhoneSimulator.ActiveCfg = Debug|iPhoneSimulator
		{28FD541E-9EDE-4CF0-AFDE-0DB3D9490641}.Debug|iPhoneSimulator.Build.0 = Debug|iPhoneSimulator
		{28FD541E-9EDE-4CF0-AFDE-0DB3D9490641}.Debug|x64.ActiveCfg = Debug|iPhoneSimulator
		{28FD541E-9EDE-4CF0-AFDE-0DB3D9490641}.Debug|x64.Build.0 = Debug|iPhoneSimulator
		{28FD541E-9EDE-4CF0-AFDE-0DB3D9490641}.Debug|x86.ActiveCfg = Debug|iPhoneSimulator
		{28FD541E-9EDE-4CF0-AFDE-0DB3D9490641}.Debug|x86.Build.0 = Debug|iPhoneSimulator
		{28FD541E-9EDE-4CF0-AFDE-0DB3D9490641}.Release|Any CPU.ActiveCfg = Release|iPhoneSimulator
		{28FD541E-9EDE-4CF0-AFDE-0DB3D9490641}.Release|Any CPU.Build.0 = Release|iPhoneSimulator
		{28FD541E-9EDE-4CF0-AFDE-0DB3D9490641}.Release|ARM.ActiveCfg = Release|iPhoneSimulator
		{28FD541E-9EDE-4CF0-AFDE-0DB3D9490641}.Release|ARM.Build.0 = Release|iPhoneSimulator
		{28FD541E-9EDE-4CF0-AFDE-0DB3D9490641}.Release|ARM64.ActiveCfg = Release|iPhoneSimulator
		{28FD541E-9EDE-4CF0-AFDE-0DB3D9490641}.Release|ARM64.Build.0 = Release|iPhoneSimulator
		{28FD541E-9EDE-4CF0-AFDE-0DB3D9490641}.Release|iPhone.ActiveCfg = Release|iPhone
		{28FD541E-9EDE-4CF0-AFDE-0DB3D9490641}.Release|iPhone.Build.0 = Release|iPhone
		{28FD541E-9EDE-4CF0-AFDE-0DB3D9490641}.Release|iPhoneSimulator.ActiveCfg = Release|iPhoneSimulator
		{28FD541E-9EDE-4CF0-AFDE-0DB3D9490641}.Release|iPhoneSimulator.Build.0 = Release|iPhoneSimulator
		{28FD541E-9EDE-4CF0-AFDE-0DB3D9490641}.Release|x64.ActiveCfg = Release|iPhoneSimulator
		{28FD541E-9EDE-4CF0-AFDE-0DB3D9490641}.Release|x64.Build.0 = Release|iPhoneSimulator
		{28FD541E-9EDE-4CF0-AFDE-0DB3D9490641}.Release|x86.ActiveCfg = Release|iPhoneSimulator
		{28FD541E-9EDE-4CF0-AFDE-0DB3D9490641}.Release|x86.Build.0 = Release|iPhoneSimulator
		{432080AA-7FB7-422A-B066-885372800272}.Ad-Hoc|Any CPU.ActiveCfg = Debug|x64
		{432080AA-7FB7-422A-B066-885372800272}.Ad-Hoc|Any CPU.Build.0 = Debug|x64
		{432080AA-7FB7-422A-B066-885372800272}.Ad-Hoc|Any CPU.Deploy.0 = Debug|x64
		{432080AA-7FB7-422A-B066-885372800272}.Ad-Hoc|ARM.ActiveCfg = Debug|ARM
		{432080AA-7FB7-422A-B066-885372800272}.Ad-Hoc|ARM.Build.0 = Debug|ARM
		{432080AA-7FB7-422A-B066-885372800272}.Ad-Hoc|ARM.Deploy.0 = Debug|ARM
		{432080AA-7FB7-422A-B066-885372800272}.Ad-Hoc|ARM64.ActiveCfg = Debug|ARM64
		{432080AA-7FB7-422A-B066-885372800272}.Ad-Hoc|ARM64.Build.0 = Debug|ARM64
		{432080AA-7FB7-422A-B066-885372800272}.Ad-Hoc|ARM64.Deploy.0 = Debug|ARM64
		{432080AA-7FB7-422A-B066-885372800272}.Ad-Hoc|iPhone.ActiveCfg = Debug|x64
		{432080AA-7FB7-422A-B066-885372800272}.Ad-Hoc|iPhone.Build.0 = Debug|x64
		{432080AA-7FB7-422A-B066-885372800272}.Ad-Hoc|iPhone.Deploy.0 = Debug|x64
		{432080AA-7FB7-422A-B066-885372800272}.Ad-Hoc|iPhoneSimulator.ActiveCfg = Debug|x64
		{432080AA-7FB7-422A-B066-885372800272}.Ad-Hoc|iPhoneSimulator.Build.0 = Debug|x64
		{432080AA-7FB7-422A-B066-885372800272}.Ad-Hoc|iPhoneSimulator.Deploy.0 = Debug|x64
		{432080AA-7FB7-422A-B066-885372800272}.Ad-Hoc|x64.ActiveCfg = Debug|x64
		{432080AA-7FB7-422A-B066-885372800272}.Ad-Hoc|x64.Build.0 = Debug|x64
		{432080AA-7FB7-422A-B066-885372800272}.Ad-Hoc|x64.Deploy.0 = Debug|x64
		{432080AA-7FB7-422A-B066-885372800272}.Ad-Hoc|x86.ActiveCfg = Debug|x86
		{432080AA-7FB7-422A-B066-885372800272}.Ad-Hoc|x86.Build.0 = Debug|x86
		{432080AA-7FB7-422A-B066-885372800272}.Ad-Hoc|x86.Deploy.0 = Debug|x86
		{432080AA-7FB7-422A-B066-885372800272}.AppStore|Any CPU.ActiveCfg = Debug|x64
		{432080AA-7FB7-422A-B066-885372800272}.AppStore|Any CPU.Build.0 = Debug|x64
		{432080AA-7FB7-422A-B066-885372800272}.AppStore|Any CPU.Deploy.0 = Debug|x64
		{432080AA-7FB7-422A-B066-885372800272}.AppStore|ARM.ActiveCfg = Debug|ARM
		{432080AA-7FB7-422A-B066-885372800272}.AppStore|ARM.Build.0 = Debug|ARM
		{432080AA-7FB7-422A-B066-885372800272}.AppStore|ARM.Deploy.0 = Debug|ARM
		{432080AA-7FB7-422A-B066-885372800272}.AppStore|ARM64.ActiveCfg = Debug|ARM64
		{432080AA-7FB7-422A-B066-885372800272}.AppStore|ARM64.Build.0 = Debug|ARM64
		{432080AA-7FB7-422A-B066-885372800272}.AppStore|ARM64.Deploy.0 = Debug|ARM64
		{432080AA-7FB7-422A-B066-885372800272}.AppStore|iPhone.ActiveCfg = Debug|x64
		{432080AA-7FB7-422A-B066-885372800272}.AppStore|iPhone.Build.0 = Debug|x64
		{432080AA-7FB7-422A-B066-885372800272}.AppStore|iPhone.Deploy.0 = Debug|x64
		{432080AA-7FB7-422A-B066-885372800272}.AppStore|iPhoneSimulator.ActiveCfg = Debug|x64
		{432080AA-7FB7-422A-B066-885372800272}.AppStore|iPhoneSimulator.Build.0 = Debug|x64
		{432080AA-7FB7-422A-B066-885372800272}.AppStore|iPhoneSimulator.Deploy.0 = Debug|x64
		{432080AA-7FB7-422A-B066-885372800272}.AppStore|x64.ActiveCfg = Debug|x64
		{432080AA-7FB7-422A-B066-885372800272}.AppStore|x64.Build.0 = Debug|x64
		{432080AA-7FB7-422A-B066-885372800272}.AppStore|x64.Deploy.0 = Debug|x64
		{432080AA-7FB7-422A-B066-885372800272}.AppStore|x86.ActiveCfg = Debug|x86
		{432080AA-7FB7-422A-B066-885372800272}.AppStore|x86.Build.0 = Debug|x86
		{432080AA-7FB7-422A-B066-885372800272}.AppStore|x86.Deploy.0 = Debug|x86
		{432080AA-7FB7-422A-B066-885372800272}.Debug|Any CPU.ActiveCfg = Debug|x64
		{432080AA-7FB7-422A-B066-885372800272}.Debug|Any CPU.Build.0 = Debug|x64
		{432080AA-7FB7-422A-B066-885372800272}.Debug|Any CPU.Deploy.0 = Debug|x64
		{432080AA-7FB7-422A-B066-885372800272}.Debug|ARM.ActiveCfg = Debug|ARM
		{432080AA-7FB7-422A-B066-885372800272}.Debug|ARM.Build.0 = Debug|ARM
		{432080AA-7FB7-422A-B066-885372800272}.Debug|ARM.Deploy.0 = Debug|ARM
		{432080AA-7FB7-422A-B066-885372800272}.Debug|ARM64.ActiveCfg = Debug|ARM64
		{432080AA-7FB7-422A-B066-885372800272}.Debug|ARM64.Build.0 = Debug|ARM64
		{432080AA-7FB7-422A-B066-885372800272}.Debug|ARM64.Deploy.0 = Debug|ARM64
		{432080AA-7FB7-422A-B066-885372800272}.Debug|iPhone.ActiveCfg = Debug|x64
		{432080AA-7FB7-422A-B066-885372800272}.Debug|iPhone.Build.0 = Debug|x64
		{432080AA-7FB7-422A-B066-885372800272}.Debug|iPhone.Deploy.0 = Debug|x64
		{432080AA-7FB7-422A-B066-885372800272}.Debug|iPhoneSimulator.ActiveCfg = Debug|x64
		{432080AA-7FB7-422A-B066-885372800272}.Debug|iPhoneSimulator.Build.0 = Debug|x64
		{432080AA-7FB7-422A-B066-885372800272}.Debug|iPhoneSimulator.Deploy.0 = Debug|x64
		{432080AA-7FB7-422A-B066-885372800272}.Debug|x64.ActiveCfg = Debug|x64
		{432080AA-7FB7-422A-B066-885372800272}.Debug|x64.Build.0 = Debug|x64
		{432080AA-7FB7-422A-B066-885372800272}.Debug|x64.Deploy.0 = Debug|x64
		{432080AA-7FB7-422A-B066-885372800272}.Debug|x86.ActiveCfg = Debug|x86
		{432080AA-7FB7-422A-B066-885372800272}.Debug|x86.Build.0 = Debug|x86
		{432080AA-7FB7-422A-B066-885372800272}.Debug|x86.Deploy.0 = Debug|x86
		{432080AA-7FB7-422A-B066-885372800272}.Release|Any CPU.ActiveCfg = Release|x64
		{432080AA-7FB7-422A-B066-885372800272}.Release|Any CPU.Build.0 = Release|x64
		{432080AA-7FB7-422A-B066-885372800272}.Release|Any CPU.Deploy.0 = Release|x64
		{432080AA-7FB7-422A-B066-885372800272}.Release|ARM.ActiveCfg = Release|ARM
		{432080AA-7FB7-422A-B066-885372800272}.Release|ARM.Build.0 = Release|ARM
		{432080AA-7FB7-422A-B066-885372800272}.Release|ARM.Deploy.0 = Release|ARM
		{432080AA-7FB7-422A-B066-885372800272}.Release|ARM64.ActiveCfg = Release|ARM64
		{432080AA-7FB7-422A-B066-885372800272}.Release|ARM64.Build.0 = Release|ARM64
		{432080AA-7FB7-422A-B066-885372800272}.Release|ARM64.Deploy.0 = Release|ARM64
		{432080AA-7FB7-422A-B066-885372800272}.Release|iPhone.ActiveCfg = Release|x64
		{432080AA-7FB7-422A-B066-885372800272}.Release|iPhone.Build.0 = Release|x64
		{432080AA-7FB7-422A-B066-885372800272}.Release|iPhone.Deploy.0 = Release|x64
		{432080AA-7FB7-422A-B066-885372800272}.Release|iPhoneSimulator.ActiveCfg = Release|x64
		{432080AA-7FB7-422A-B066-885372800272}.Release|iPhoneSimulator.Build.0 = Release|x64
		{432080AA-7FB7-422A-B066-885372800272}.Release|iPhoneSimulator.Deploy.0 = Release|x64
		{432080AA-7FB7-422A-B066-885372800272}.Release|x64.ActiveCfg = Release|x64
		{432080AA-7FB7-422A-B066-885372800272}.Release|x64.Build.0 = Release|x64
		{432080AA-7FB7-422A-B066-885372800272}.Release|x64.Deploy.0 = Release|x64
		{432080AA-7FB7-422A-B066-885372800272}.Release|x86.ActiveCfg = Release|x86
		{432080AA-7FB7-422A-B066-885372800272}.Release|x86.Build.0 = Release|x86
		{432080AA-7FB7-422A-B066-885372800272}.Release|x86.Deploy.0 = Release|x86
		{18A5D8E5-0ABB-496D-975F-007B4CFC9A25}.Ad-Hoc|Any CPU.ActiveCfg = Debug|Any CPU
		{18A5D8E5-0ABB-496D-975F-007B4CFC9A25}.Ad-Hoc|Any CPU.Build.0 = Debug|Any CPU
		{18A5D8E5-0ABB-496D-975F-007B4CFC9A25}.Ad-Hoc|ARM.ActiveCfg = Debug|Any CPU
		{18A5D8E5-0ABB-496D-975F-007B4CFC9A25}.Ad-Hoc|ARM.Build.0 = Debug|Any CPU
		{18A5D8E5-0ABB-496D-975F-007B4CFC9A25}.Ad-Hoc|ARM64.ActiveCfg = Debug|Any CPU
		{18A5D8E5-0ABB-496D-975F-007B4CFC9A25}.Ad-Hoc|ARM64.Build.0 = Debug|Any CPU
		{18A5D8E5-0ABB-496D-975F-007B4CFC9A25}.Ad-Hoc|iPhone.ActiveCfg = Debug|Any CPU
		{18A5D8E5-0ABB-496D-975F-007B4CFC9A25}.Ad-Hoc|iPhone.Build.0 = Debug|Any CPU
		{18A5D8E5-0ABB-496D-975F-007B4CFC9A25}.Ad-Hoc|iPhoneSimulator.ActiveCfg = Debug|Any CPU
		{18A5D8E5-0ABB-496D-975F-007B4CFC9A25}.Ad-Hoc|iPhoneSimulator.Build.0 = Debug|Any CPU
		{18A5D8E5-0ABB-496D-975F-007B4CFC9A25}.Ad-Hoc|x64.ActiveCfg = Debug|Any CPU
		{18A5D8E5-0ABB-496D-975F-007B4CFC9A25}.Ad-Hoc|x64.Build.0 = Debug|Any CPU
		{18A5D8E5-0ABB-496D-975F-007B4CFC9A25}.Ad-Hoc|x86.ActiveCfg = Debug|Any CPU
		{18A5D8E5-0ABB-496D-975F-007B4CFC9A25}.Ad-Hoc|x86.Build.0 = Debug|Any CPU
		{18A5D8E5-0ABB-496D-975F-007B4CFC9A25}.AppStore|Any CPU.ActiveCfg = Debug|Any CPU
		{18A5D8E5-0ABB-496D-975F-007B4CFC9A25}.AppStore|Any CPU.Build.0 = Debug|Any CPU
		{18A5D8E5-0ABB-496D-975F-007B4CFC9A25}.AppStore|ARM.ActiveCfg = Debug|Any CPU
		{18A5D8E5-0ABB-496D-975F-007B4CFC9A25}.AppStore|ARM.Build.0 = Debug|Any CPU
		{18A5D8E5-0ABB-496D-975F-007B4CFC9A25}.AppStore|ARM64.ActiveCfg = Debug|Any CPU
		{18A5D8E5-0ABB-496D-975F-007B4CFC9A25}.AppStore|ARM64.Build.0 = Debug|Any CPU
		{18A5D8E5-0ABB-496D-975F-007B4CFC9A25}.AppStore|iPhone.ActiveCfg = Debug|Any CPU
		{18A5D8E5-0ABB-496D-975F-007B4CFC9A25}.AppStore|iPhone.Build.0 = Debug|Any CPU
		{18A5D8E5-0ABB-496D-975F-007B4CFC9A25}.AppStore|iPhoneSimulator.ActiveCfg = Debug|Any CPU
		{18A5D8E5-0ABB-496D-975F-007B4CFC9A25}.AppStore|iPhoneSimulator.Build.0 = Debug|Any CPU
		{18A5D8E5-0ABB-496D-975F-007B4CFC9A25}.AppStore|x64.ActiveCfg = Debug|Any CPU
		{18A5D8E5-0ABB-496D-975F-007B4CFC9A25}.AppStore|x64.Build.0 = Debug|Any CPU
		{18A5D8E5-0ABB-496D-975F-007B4CFC9A25}.AppStore|x86.ActiveCfg = Debug|Any CPU
		{18A5D8E5-0ABB-496D-975F-007B4CFC9A25}.AppStore|x86.Build.0 = Debug|Any CPU
		{18A5D8E5-0ABB-496D-975F-007B4CFC9A25}.Debug|Any CPU.ActiveCfg = Debug|Any CPU
		{18A5D8E5-0ABB-496D-975F-007B4CFC9A25}.Debug|Any CPU.Build.0 = Debug|Any CPU
		{18A5D8E5-0ABB-496D-975F-007B4CFC9A25}.Debug|ARM.ActiveCfg = Debug|Any CPU
		{18A5D8E5-0ABB-496D-975F-007B4CFC9A25}.Debug|ARM.Build.0 = Debug|Any CPU
		{18A5D8E5-0ABB-496D-975F-007B4CFC9A25}.Debug|ARM64.ActiveCfg = Debug|Any CPU
		{18A5D8E5-0ABB-496D-975F-007B4CFC9A25}.Debug|ARM64.Build.0 = Debug|Any CPU
		{18A5D8E5-0ABB-496D-975F-007B4CFC9A25}.Debug|iPhone.ActiveCfg = Debug|Any CPU
		{18A5D8E5-0ABB-496D-975F-007B4CFC9A25}.Debug|iPhone.Build.0 = Debug|Any CPU
		{18A5D8E5-0ABB-496D-975F-007B4CFC9A25}.Debug|iPhoneSimulator.ActiveCfg = Debug|Any CPU
		{18A5D8E5-0ABB-496D-975F-007B4CFC9A25}.Debug|iPhoneSimulator.Build.0 = Debug|Any CPU
		{18A5D8E5-0ABB-496D-975F-007B4CFC9A25}.Debug|x64.ActiveCfg = Debug|Any CPU
		{18A5D8E5-0ABB-496D-975F-007B4CFC9A25}.Debug|x64.Build.0 = Debug|Any CPU
		{18A5D8E5-0ABB-496D-975F-007B4CFC9A25}.Debug|x86.ActiveCfg = Debug|Any CPU
		{18A5D8E5-0ABB-496D-975F-007B4CFC9A25}.Debug|x86.Build.0 = Debug|Any CPU
		{18A5D8E5-0ABB-496D-975F-007B4CFC9A25}.Release|Any CPU.ActiveCfg = Release|Any CPU
		{18A5D8E5-0ABB-496D-975F-007B4CFC9A25}.Release|Any CPU.Build.0 = Release|Any CPU
		{18A5D8E5-0ABB-496D-975F-007B4CFC9A25}.Release|ARM.ActiveCfg = Release|Any CPU
		{18A5D8E5-0ABB-496D-975F-007B4CFC9A25}.Release|ARM.Build.0 = Release|Any CPU
		{18A5D8E5-0ABB-496D-975F-007B4CFC9A25}.Release|ARM64.ActiveCfg = Release|Any CPU
		{18A5D8E5-0ABB-496D-975F-007B4CFC9A25}.Release|ARM64.Build.0 = Release|Any CPU
		{18A5D8E5-0ABB-496D-975F-007B4CFC9A25}.Release|iPhone.ActiveCfg = Release|Any CPU
		{18A5D8E5-0ABB-496D-975F-007B4CFC9A25}.Release|iPhone.Build.0 = Release|Any CPU
		{18A5D8E5-0ABB-496D-975F-007B4CFC9A25}.Release|iPhoneSimulator.ActiveCfg = Release|Any CPU
		{18A5D8E5-0ABB-496D-975F-007B4CFC9A25}.Release|iPhoneSimulator.Build.0 = Release|Any CPU
		{18A5D8E5-0ABB-496D-975F-007B4CFC9A25}.Release|x64.ActiveCfg = Release|Any CPU
		{18A5D8E5-0ABB-496D-975F-007B4CFC9A25}.Release|x64.Build.0 = Release|Any CPU
		{18A5D8E5-0ABB-496D-975F-007B4CFC9A25}.Release|x86.ActiveCfg = Release|Any CPU
		{18A5D8E5-0ABB-496D-975F-007B4CFC9A25}.Release|x86.Build.0 = Release|Any CPU
		{32CF33BD-F381-430C-A861-65B598F79975}.Ad-Hoc|Any CPU.ActiveCfg = Debug|iPhoneSimulator
		{32CF33BD-F381-430C-A861-65B598F79975}.Ad-Hoc|Any CPU.Build.0 = Debug|iPhoneSimulator
		{32CF33BD-F381-430C-A861-65B598F79975}.Ad-Hoc|ARM.ActiveCfg = Debug|iPhoneSimulator
		{32CF33BD-F381-430C-A861-65B598F79975}.Ad-Hoc|ARM.Build.0 = Debug|iPhoneSimulator
		{32CF33BD-F381-430C-A861-65B598F79975}.Ad-Hoc|ARM64.ActiveCfg = Debug|iPhoneSimulator
		{32CF33BD-F381-430C-A861-65B598F79975}.Ad-Hoc|ARM64.Build.0 = Debug|iPhoneSimulator
		{32CF33BD-F381-430C-A861-65B598F79975}.Ad-Hoc|iPhone.ActiveCfg = Debug|iPhoneSimulator
		{32CF33BD-F381-430C-A861-65B598F79975}.Ad-Hoc|iPhone.Build.0 = Debug|iPhoneSimulator
		{32CF33BD-F381-430C-A861-65B598F79975}.Ad-Hoc|iPhoneSimulator.ActiveCfg = Debug|iPhoneSimulator
		{32CF33BD-F381-430C-A861-65B598F79975}.Ad-Hoc|iPhoneSimulator.Build.0 = Debug|iPhoneSimulator
		{32CF33BD-F381-430C-A861-65B598F79975}.Ad-Hoc|x64.ActiveCfg = Debug|iPhoneSimulator
		{32CF33BD-F381-430C-A861-65B598F79975}.Ad-Hoc|x64.Build.0 = Debug|iPhoneSimulator
		{32CF33BD-F381-430C-A861-65B598F79975}.Ad-Hoc|x86.ActiveCfg = Debug|iPhoneSimulator
		{32CF33BD-F381-430C-A861-65B598F79975}.Ad-Hoc|x86.Build.0 = Debug|iPhoneSimulator
		{32CF33BD-F381-430C-A861-65B598F79975}.AppStore|Any CPU.ActiveCfg = Debug|iPhoneSimulator
		{32CF33BD-F381-430C-A861-65B598F79975}.AppStore|Any CPU.Build.0 = Debug|iPhoneSimulator
		{32CF33BD-F381-430C-A861-65B598F79975}.AppStore|ARM.ActiveCfg = Debug|iPhoneSimulator
		{32CF33BD-F381-430C-A861-65B598F79975}.AppStore|ARM.Build.0 = Debug|iPhoneSimulator
		{32CF33BD-F381-430C-A861-65B598F79975}.AppStore|ARM64.ActiveCfg = Debug|iPhoneSimulator
		{32CF33BD-F381-430C-A861-65B598F79975}.AppStore|ARM64.Build.0 = Debug|iPhoneSimulator
		{32CF33BD-F381-430C-A861-65B598F79975}.AppStore|iPhone.ActiveCfg = Debug|iPhoneSimulator
		{32CF33BD-F381-430C-A861-65B598F79975}.AppStore|iPhone.Build.0 = Debug|iPhoneSimulator
		{32CF33BD-F381-430C-A861-65B598F79975}.AppStore|iPhoneSimulator.ActiveCfg = Debug|iPhoneSimulator
		{32CF33BD-F381-430C-A861-65B598F79975}.AppStore|iPhoneSimulator.Build.0 = Debug|iPhoneSimulator
		{32CF33BD-F381-430C-A861-65B598F79975}.AppStore|x64.ActiveCfg = Debug|iPhoneSimulator
		{32CF33BD-F381-430C-A861-65B598F79975}.AppStore|x64.Build.0 = Debug|iPhoneSimulator
		{32CF33BD-F381-430C-A861-65B598F79975}.AppStore|x86.ActiveCfg = Debug|iPhoneSimulator
		{32CF33BD-F381-430C-A861-65B598F79975}.AppStore|x86.Build.0 = Debug|iPhoneSimulator
		{32CF33BD-F381-430C-A861-65B598F79975}.Debug|Any CPU.ActiveCfg = Debug|iPhoneSimulator
		{32CF33BD-F381-430C-A861-65B598F79975}.Debug|Any CPU.Build.0 = Debug|iPhoneSimulator
		{32CF33BD-F381-430C-A861-65B598F79975}.Debug|ARM.ActiveCfg = Debug|iPhoneSimulator
		{32CF33BD-F381-430C-A861-65B598F79975}.Debug|ARM.Build.0 = Debug|iPhoneSimulator
		{32CF33BD-F381-430C-A861-65B598F79975}.Debug|ARM64.ActiveCfg = Debug|iPhoneSimulator
		{32CF33BD-F381-430C-A861-65B598F79975}.Debug|ARM64.Build.0 = Debug|iPhoneSimulator
		{32CF33BD-F381-430C-A861-65B598F79975}.Debug|iPhone.ActiveCfg = Debug|iPhoneSimulator
		{32CF33BD-F381-430C-A861-65B598F79975}.Debug|iPhone.Build.0 = Debug|iPhoneSimulator
		{32CF33BD-F381-430C-A861-65B598F79975}.Debug|iPhoneSimulator.ActiveCfg = Debug|iPhoneSimulator
		{32CF33BD-F381-430C-A861-65B598F79975}.Debug|iPhoneSimulator.Build.0 = Debug|iPhoneSimulator
		{32CF33BD-F381-430C-A861-65B598F79975}.Debug|x64.ActiveCfg = Debug|iPhoneSimulator
		{32CF33BD-F381-430C-A861-65B598F79975}.Debug|x64.Build.0 = Debug|iPhoneSimulator
		{32CF33BD-F381-430C-A861-65B598F79975}.Debug|x86.ActiveCfg = Debug|iPhoneSimulator
		{32CF33BD-F381-430C-A861-65B598F79975}.Debug|x86.Build.0 = Debug|iPhoneSimulator
		{32CF33BD-F381-430C-A861-65B598F79975}.Release|Any CPU.ActiveCfg = Release|iPhoneSimulator
		{32CF33BD-F381-430C-A861-65B598F79975}.Release|Any CPU.Build.0 = Release|iPhoneSimulator
		{32CF33BD-F381-430C-A861-65B598F79975}.Release|ARM.ActiveCfg = Release|iPhoneSimulator
		{32CF33BD-F381-430C-A861-65B598F79975}.Release|ARM.Build.0 = Release|iPhoneSimulator
		{32CF33BD-F381-430C-A861-65B598F79975}.Release|ARM64.ActiveCfg = Release|iPhoneSimulator
		{32CF33BD-F381-430C-A861-65B598F79975}.Release|ARM64.Build.0 = Release|iPhoneSimulator
		{32CF33BD-F381-430C-A861-65B598F79975}.Release|iPhone.ActiveCfg = Release|iPhoneSimulator
		{32CF33BD-F381-430C-A861-65B598F79975}.Release|iPhone.Build.0 = Release|iPhoneSimulator
		{32CF33BD-F381-430C-A861-65B598F79975}.Release|iPhoneSimulator.ActiveCfg = Release|iPhoneSimulator
		{32CF33BD-F381-430C-A861-65B598F79975}.Release|iPhoneSimulator.Build.0 = Release|iPhoneSimulator
		{32CF33BD-F381-430C-A861-65B598F79975}.Release|x64.ActiveCfg = Release|iPhoneSimulator
		{32CF33BD-F381-430C-A861-65B598F79975}.Release|x64.Build.0 = Release|iPhoneSimulator
		{32CF33BD-F381-430C-A861-65B598F79975}.Release|x86.ActiveCfg = Release|iPhoneSimulator
		{32CF33BD-F381-430C-A861-65B598F79975}.Release|x86.Build.0 = Release|iPhoneSimulator
		{A0075F25-1F77-42DD-9A76-6F9346F98C4E}.Ad-Hoc|Any CPU.ActiveCfg = Debug|Any CPU
		{A0075F25-1F77-42DD-9A76-6F9346F98C4E}.Ad-Hoc|Any CPU.Build.0 = Debug|Any CPU
		{A0075F25-1F77-42DD-9A76-6F9346F98C4E}.Ad-Hoc|ARM.ActiveCfg = Debug|Any CPU
		{A0075F25-1F77-42DD-9A76-6F9346F98C4E}.Ad-Hoc|ARM.Build.0 = Debug|Any CPU
		{A0075F25-1F77-42DD-9A76-6F9346F98C4E}.Ad-Hoc|ARM64.ActiveCfg = Debug|Any CPU
		{A0075F25-1F77-42DD-9A76-6F9346F98C4E}.Ad-Hoc|ARM64.Build.0 = Debug|Any CPU
		{A0075F25-1F77-42DD-9A76-6F9346F98C4E}.Ad-Hoc|iPhone.ActiveCfg = Debug|Any CPU
		{A0075F25-1F77-42DD-9A76-6F9346F98C4E}.Ad-Hoc|iPhone.Build.0 = Debug|Any CPU
		{A0075F25-1F77-42DD-9A76-6F9346F98C4E}.Ad-Hoc|iPhoneSimulator.ActiveCfg = Debug|Any CPU
		{A0075F25-1F77-42DD-9A76-6F9346F98C4E}.Ad-Hoc|iPhoneSimulator.Build.0 = Debug|Any CPU
		{A0075F25-1F77-42DD-9A76-6F9346F98C4E}.Ad-Hoc|x64.ActiveCfg = Debug|Any CPU
		{A0075F25-1F77-42DD-9A76-6F9346F98C4E}.Ad-Hoc|x64.Build.0 = Debug|Any CPU
		{A0075F25-1F77-42DD-9A76-6F9346F98C4E}.Ad-Hoc|x86.ActiveCfg = Debug|Any CPU
		{A0075F25-1F77-42DD-9A76-6F9346F98C4E}.Ad-Hoc|x86.Build.0 = Debug|Any CPU
		{A0075F25-1F77-42DD-9A76-6F9346F98C4E}.AppStore|Any CPU.ActiveCfg = Debug|Any CPU
		{A0075F25-1F77-42DD-9A76-6F9346F98C4E}.AppStore|Any CPU.Build.0 = Debug|Any CPU
		{A0075F25-1F77-42DD-9A76-6F9346F98C4E}.AppStore|ARM.ActiveCfg = Debug|Any CPU
		{A0075F25-1F77-42DD-9A76-6F9346F98C4E}.AppStore|ARM.Build.0 = Debug|Any CPU
		{A0075F25-1F77-42DD-9A76-6F9346F98C4E}.AppStore|ARM64.ActiveCfg = Debug|Any CPU
		{A0075F25-1F77-42DD-9A76-6F9346F98C4E}.AppStore|ARM64.Build.0 = Debug|Any CPU
		{A0075F25-1F77-42DD-9A76-6F9346F98C4E}.AppStore|iPhone.ActiveCfg = Debug|Any CPU
		{A0075F25-1F77-42DD-9A76-6F9346F98C4E}.AppStore|iPhone.Build.0 = Debug|Any CPU
		{A0075F25-1F77-42DD-9A76-6F9346F98C4E}.AppStore|iPhoneSimulator.ActiveCfg = Debug|Any CPU
		{A0075F25-1F77-42DD-9A76-6F9346F98C4E}.AppStore|iPhoneSimulator.Build.0 = Debug|Any CPU
		{A0075F25-1F77-42DD-9A76-6F9346F98C4E}.AppStore|x64.ActiveCfg = Debug|Any CPU
		{A0075F25-1F77-42DD-9A76-6F9346F98C4E}.AppStore|x64.Build.0 = Debug|Any CPU
		{A0075F25-1F77-42DD-9A76-6F9346F98C4E}.AppStore|x86.ActiveCfg = Debug|Any CPU
		{A0075F25-1F77-42DD-9A76-6F9346F98C4E}.AppStore|x86.Build.0 = Debug|Any CPU
		{A0075F25-1F77-42DD-9A76-6F9346F98C4E}.Debug|Any CPU.ActiveCfg = Debug|Any CPU
		{A0075F25-1F77-42DD-9A76-6F9346F98C4E}.Debug|Any CPU.Build.0 = Debug|Any CPU
		{A0075F25-1F77-42DD-9A76-6F9346F98C4E}.Debug|ARM.ActiveCfg = Debug|Any CPU
		{A0075F25-1F77-42DD-9A76-6F9346F98C4E}.Debug|ARM.Build.0 = Debug|Any CPU
		{A0075F25-1F77-42DD-9A76-6F9346F98C4E}.Debug|ARM64.ActiveCfg = Debug|Any CPU
		{A0075F25-1F77-42DD-9A76-6F9346F98C4E}.Debug|ARM64.Build.0 = Debug|Any CPU
		{A0075F25-1F77-42DD-9A76-6F9346F98C4E}.Debug|iPhone.ActiveCfg = Debug|Any CPU
		{A0075F25-1F77-42DD-9A76-6F9346F98C4E}.Debug|iPhone.Build.0 = Debug|Any CPU
		{A0075F25-1F77-42DD-9A76-6F9346F98C4E}.Debug|iPhoneSimulator.ActiveCfg = Debug|Any CPU
		{A0075F25-1F77-42DD-9A76-6F9346F98C4E}.Debug|iPhoneSimulator.Build.0 = Debug|Any CPU
		{A0075F25-1F77-42DD-9A76-6F9346F98C4E}.Debug|x64.ActiveCfg = Debug|Any CPU
		{A0075F25-1F77-42DD-9A76-6F9346F98C4E}.Debug|x64.Build.0 = Debug|Any CPU
		{A0075F25-1F77-42DD-9A76-6F9346F98C4E}.Debug|x86.ActiveCfg = Debug|Any CPU
		{A0075F25-1F77-42DD-9A76-6F9346F98C4E}.Debug|x86.Build.0 = Debug|Any CPU
		{A0075F25-1F77-42DD-9A76-6F9346F98C4E}.Release|Any CPU.ActiveCfg = Release|Any CPU
		{A0075F25-1F77-42DD-9A76-6F9346F98C4E}.Release|Any CPU.Build.0 = Release|Any CPU
		{A0075F25-1F77-42DD-9A76-6F9346F98C4E}.Release|ARM.ActiveCfg = Release|Any CPU
		{A0075F25-1F77-42DD-9A76-6F9346F98C4E}.Release|ARM.Build.0 = Release|Any CPU
		{A0075F25-1F77-42DD-9A76-6F9346F98C4E}.Release|ARM64.ActiveCfg = Release|Any CPU
		{A0075F25-1F77-42DD-9A76-6F9346F98C4E}.Release|ARM64.Build.0 = Release|Any CPU
		{A0075F25-1F77-42DD-9A76-6F9346F98C4E}.Release|iPhone.ActiveCfg = Release|Any CPU
		{A0075F25-1F77-42DD-9A76-6F9346F98C4E}.Release|iPhone.Build.0 = Release|Any CPU
		{A0075F25-1F77-42DD-9A76-6F9346F98C4E}.Release|iPhoneSimulator.ActiveCfg = Release|Any CPU
		{A0075F25-1F77-42DD-9A76-6F9346F98C4E}.Release|iPhoneSimulator.Build.0 = Release|Any CPU
		{A0075F25-1F77-42DD-9A76-6F9346F98C4E}.Release|x64.ActiveCfg = Release|Any CPU
		{A0075F25-1F77-42DD-9A76-6F9346F98C4E}.Release|x64.Build.0 = Release|Any CPU
		{A0075F25-1F77-42DD-9A76-6F9346F98C4E}.Release|x86.ActiveCfg = Release|Any CPU
		{A0075F25-1F77-42DD-9A76-6F9346F98C4E}.Release|x86.Build.0 = Release|Any CPU
		{49C65BC3-BB59-4E7A-B34B-AB26F6B12238}.Ad-Hoc|Any CPU.ActiveCfg = Debug|Any CPU
		{49C65BC3-BB59-4E7A-B34B-AB26F6B12238}.Ad-Hoc|Any CPU.Build.0 = Debug|Any CPU
		{49C65BC3-BB59-4E7A-B34B-AB26F6B12238}.Ad-Hoc|ARM.ActiveCfg = Debug|Any CPU
		{49C65BC3-BB59-4E7A-B34B-AB26F6B12238}.Ad-Hoc|ARM.Build.0 = Debug|Any CPU
		{49C65BC3-BB59-4E7A-B34B-AB26F6B12238}.Ad-Hoc|ARM64.ActiveCfg = Debug|Any CPU
		{49C65BC3-BB59-4E7A-B34B-AB26F6B12238}.Ad-Hoc|ARM64.Build.0 = Debug|Any CPU
		{49C65BC3-BB59-4E7A-B34B-AB26F6B12238}.Ad-Hoc|iPhone.ActiveCfg = Debug|Any CPU
		{49C65BC3-BB59-4E7A-B34B-AB26F6B12238}.Ad-Hoc|iPhone.Build.0 = Debug|Any CPU
		{49C65BC3-BB59-4E7A-B34B-AB26F6B12238}.Ad-Hoc|iPhoneSimulator.ActiveCfg = Debug|Any CPU
		{49C65BC3-BB59-4E7A-B34B-AB26F6B12238}.Ad-Hoc|iPhoneSimulator.Build.0 = Debug|Any CPU
		{49C65BC3-BB59-4E7A-B34B-AB26F6B12238}.Ad-Hoc|x64.ActiveCfg = Debug|Any CPU
		{49C65BC3-BB59-4E7A-B34B-AB26F6B12238}.Ad-Hoc|x64.Build.0 = Debug|Any CPU
		{49C65BC3-BB59-4E7A-B34B-AB26F6B12238}.Ad-Hoc|x86.ActiveCfg = Debug|Any CPU
		{49C65BC3-BB59-4E7A-B34B-AB26F6B12238}.Ad-Hoc|x86.Build.0 = Debug|Any CPU
		{49C65BC3-BB59-4E7A-B34B-AB26F6B12238}.AppStore|Any CPU.ActiveCfg = Debug|Any CPU
		{49C65BC3-BB59-4E7A-B34B-AB26F6B12238}.AppStore|Any CPU.Build.0 = Debug|Any CPU
		{49C65BC3-BB59-4E7A-B34B-AB26F6B12238}.AppStore|ARM.ActiveCfg = Debug|Any CPU
		{49C65BC3-BB59-4E7A-B34B-AB26F6B12238}.AppStore|ARM.Build.0 = Debug|Any CPU
		{49C65BC3-BB59-4E7A-B34B-AB26F6B12238}.AppStore|ARM64.ActiveCfg = Debug|Any CPU
		{49C65BC3-BB59-4E7A-B34B-AB26F6B12238}.AppStore|ARM64.Build.0 = Debug|Any CPU
		{49C65BC3-BB59-4E7A-B34B-AB26F6B12238}.AppStore|iPhone.ActiveCfg = Debug|Any CPU
		{49C65BC3-BB59-4E7A-B34B-AB26F6B12238}.AppStore|iPhone.Build.0 = Debug|Any CPU
		{49C65BC3-BB59-4E7A-B34B-AB26F6B12238}.AppStore|iPhoneSimulator.ActiveCfg = Debug|Any CPU
		{49C65BC3-BB59-4E7A-B34B-AB26F6B12238}.AppStore|iPhoneSimulator.Build.0 = Debug|Any CPU
		{49C65BC3-BB59-4E7A-B34B-AB26F6B12238}.AppStore|x64.ActiveCfg = Debug|Any CPU
		{49C65BC3-BB59-4E7A-B34B-AB26F6B12238}.AppStore|x64.Build.0 = Debug|Any CPU
		{49C65BC3-BB59-4E7A-B34B-AB26F6B12238}.AppStore|x86.ActiveCfg = Debug|Any CPU
		{49C65BC3-BB59-4E7A-B34B-AB26F6B12238}.AppStore|x86.Build.0 = Debug|Any CPU
		{49C65BC3-BB59-4E7A-B34B-AB26F6B12238}.Debug|Any CPU.ActiveCfg = Debug|Any CPU
		{49C65BC3-BB59-4E7A-B34B-AB26F6B12238}.Debug|Any CPU.Build.0 = Debug|Any CPU
		{49C65BC3-BB59-4E7A-B34B-AB26F6B12238}.Debug|ARM.ActiveCfg = Debug|Any CPU
		{49C65BC3-BB59-4E7A-B34B-AB26F6B12238}.Debug|ARM.Build.0 = Debug|Any CPU
		{49C65BC3-BB59-4E7A-B34B-AB26F6B12238}.Debug|ARM64.ActiveCfg = Debug|Any CPU
		{49C65BC3-BB59-4E7A-B34B-AB26F6B12238}.Debug|ARM64.Build.0 = Debug|Any CPU
		{49C65BC3-BB59-4E7A-B34B-AB26F6B12238}.Debug|iPhone.ActiveCfg = Debug|Any CPU
		{49C65BC3-BB59-4E7A-B34B-AB26F6B12238}.Debug|iPhone.Build.0 = Debug|Any CPU
		{49C65BC3-BB59-4E7A-B34B-AB26F6B12238}.Debug|iPhoneSimulator.ActiveCfg = Debug|Any CPU
		{49C65BC3-BB59-4E7A-B34B-AB26F6B12238}.Debug|iPhoneSimulator.Build.0 = Debug|Any CPU
		{49C65BC3-BB59-4E7A-B34B-AB26F6B12238}.Debug|x64.ActiveCfg = Debug|Any CPU
		{49C65BC3-BB59-4E7A-B34B-AB26F6B12238}.Debug|x64.Build.0 = Debug|Any CPU
		{49C65BC3-BB59-4E7A-B34B-AB26F6B12238}.Debug|x86.ActiveCfg = Debug|Any CPU
		{49C65BC3-BB59-4E7A-B34B-AB26F6B12238}.Debug|x86.Build.0 = Debug|Any CPU
		{49C65BC3-BB59-4E7A-B34B-AB26F6B12238}.Release|Any CPU.ActiveCfg = Release|Any CPU
		{49C65BC3-BB59-4E7A-B34B-AB26F6B12238}.Release|Any CPU.Build.0 = Release|Any CPU
		{49C65BC3-BB59-4E7A-B34B-AB26F6B12238}.Release|ARM.ActiveCfg = Release|Any CPU
		{49C65BC3-BB59-4E7A-B34B-AB26F6B12238}.Release|ARM.Build.0 = Release|Any CPU
		{49C65BC3-BB59-4E7A-B34B-AB26F6B12238}.Release|ARM64.ActiveCfg = Release|Any CPU
		{49C65BC3-BB59-4E7A-B34B-AB26F6B12238}.Release|ARM64.Build.0 = Release|Any CPU
		{49C65BC3-BB59-4E7A-B34B-AB26F6B12238}.Release|iPhone.ActiveCfg = Release|Any CPU
		{49C65BC3-BB59-4E7A-B34B-AB26F6B12238}.Release|iPhone.Build.0 = Release|Any CPU
		{49C65BC3-BB59-4E7A-B34B-AB26F6B12238}.Release|iPhoneSimulator.ActiveCfg = Release|Any CPU
		{49C65BC3-BB59-4E7A-B34B-AB26F6B12238}.Release|iPhoneSimulator.Build.0 = Release|Any CPU
		{49C65BC3-BB59-4E7A-B34B-AB26F6B12238}.Release|x64.ActiveCfg = Release|Any CPU
		{49C65BC3-BB59-4E7A-B34B-AB26F6B12238}.Release|x64.Build.0 = Release|Any CPU
		{49C65BC3-BB59-4E7A-B34B-AB26F6B12238}.Release|x86.ActiveCfg = Release|Any CPU
		{49C65BC3-BB59-4E7A-B34B-AB26F6B12238}.Release|x86.Build.0 = Release|Any CPU
		{11AC9B63-1450-4B66-84C7-D7E646ECC41C}.Ad-Hoc|Any CPU.ActiveCfg = Debug|Any CPU
		{11AC9B63-1450-4B66-84C7-D7E646ECC41C}.Ad-Hoc|Any CPU.Build.0 = Debug|Any CPU
		{11AC9B63-1450-4B66-84C7-D7E646ECC41C}.Ad-Hoc|ARM.ActiveCfg = Debug|Any CPU
		{11AC9B63-1450-4B66-84C7-D7E646ECC41C}.Ad-Hoc|ARM.Build.0 = Debug|Any CPU
		{11AC9B63-1450-4B66-84C7-D7E646ECC41C}.Ad-Hoc|ARM64.ActiveCfg = Debug|Any CPU
		{11AC9B63-1450-4B66-84C7-D7E646ECC41C}.Ad-Hoc|ARM64.Build.0 = Debug|Any CPU
		{11AC9B63-1450-4B66-84C7-D7E646ECC41C}.Ad-Hoc|iPhone.ActiveCfg = Debug|Any CPU
		{11AC9B63-1450-4B66-84C7-D7E646ECC41C}.Ad-Hoc|iPhone.Build.0 = Debug|Any CPU
		{11AC9B63-1450-4B66-84C7-D7E646ECC41C}.Ad-Hoc|iPhoneSimulator.ActiveCfg = Debug|Any CPU
		{11AC9B63-1450-4B66-84C7-D7E646ECC41C}.Ad-Hoc|iPhoneSimulator.Build.0 = Debug|Any CPU
		{11AC9B63-1450-4B66-84C7-D7E646ECC41C}.Ad-Hoc|x64.ActiveCfg = Debug|Any CPU
		{11AC9B63-1450-4B66-84C7-D7E646ECC41C}.Ad-Hoc|x64.Build.0 = Debug|Any CPU
		{11AC9B63-1450-4B66-84C7-D7E646ECC41C}.Ad-Hoc|x86.ActiveCfg = Debug|Any CPU
		{11AC9B63-1450-4B66-84C7-D7E646ECC41C}.Ad-Hoc|x86.Build.0 = Debug|Any CPU
		{11AC9B63-1450-4B66-84C7-D7E646ECC41C}.AppStore|Any CPU.ActiveCfg = Debug|Any CPU
		{11AC9B63-1450-4B66-84C7-D7E646ECC41C}.AppStore|Any CPU.Build.0 = Debug|Any CPU
		{11AC9B63-1450-4B66-84C7-D7E646ECC41C}.AppStore|ARM.ActiveCfg = Debug|Any CPU
		{11AC9B63-1450-4B66-84C7-D7E646ECC41C}.AppStore|ARM.Build.0 = Debug|Any CPU
		{11AC9B63-1450-4B66-84C7-D7E646ECC41C}.AppStore|ARM64.ActiveCfg = Debug|Any CPU
		{11AC9B63-1450-4B66-84C7-D7E646ECC41C}.AppStore|ARM64.Build.0 = Debug|Any CPU
		{11AC9B63-1450-4B66-84C7-D7E646ECC41C}.AppStore|iPhone.ActiveCfg = Debug|Any CPU
		{11AC9B63-1450-4B66-84C7-D7E646ECC41C}.AppStore|iPhone.Build.0 = Debug|Any CPU
		{11AC9B63-1450-4B66-84C7-D7E646ECC41C}.AppStore|iPhoneSimulator.ActiveCfg = Debug|Any CPU
		{11AC9B63-1450-4B66-84C7-D7E646ECC41C}.AppStore|iPhoneSimulator.Build.0 = Debug|Any CPU
		{11AC9B63-1450-4B66-84C7-D7E646ECC41C}.AppStore|x64.ActiveCfg = Debug|Any CPU
		{11AC9B63-1450-4B66-84C7-D7E646ECC41C}.AppStore|x64.Build.0 = Debug|Any CPU
		{11AC9B63-1450-4B66-84C7-D7E646ECC41C}.AppStore|x86.ActiveCfg = Debug|Any CPU
		{11AC9B63-1450-4B66-84C7-D7E646ECC41C}.AppStore|x86.Build.0 = Debug|Any CPU
		{11AC9B63-1450-4B66-84C7-D7E646ECC41C}.Debug|Any CPU.ActiveCfg = Debug|Any CPU
		{11AC9B63-1450-4B66-84C7-D7E646ECC41C}.Debug|Any CPU.Build.0 = Debug|Any CPU
		{11AC9B63-1450-4B66-84C7-D7E646ECC41C}.Debug|ARM.ActiveCfg = Debug|Any CPU
		{11AC9B63-1450-4B66-84C7-D7E646ECC41C}.Debug|ARM.Build.0 = Debug|Any CPU
		{11AC9B63-1450-4B66-84C7-D7E646ECC41C}.Debug|ARM64.ActiveCfg = Debug|Any CPU
		{11AC9B63-1450-4B66-84C7-D7E646ECC41C}.Debug|ARM64.Build.0 = Debug|Any CPU
		{11AC9B63-1450-4B66-84C7-D7E646ECC41C}.Debug|iPhone.ActiveCfg = Debug|Any CPU
		{11AC9B63-1450-4B66-84C7-D7E646ECC41C}.Debug|iPhone.Build.0 = Debug|Any CPU
		{11AC9B63-1450-4B66-84C7-D7E646ECC41C}.Debug|iPhoneSimulator.ActiveCfg = Debug|Any CPU
		{11AC9B63-1450-4B66-84C7-D7E646ECC41C}.Debug|iPhoneSimulator.Build.0 = Debug|Any CPU
		{11AC9B63-1450-4B66-84C7-D7E646ECC41C}.Debug|x64.ActiveCfg = Debug|Any CPU
		{11AC9B63-1450-4B66-84C7-D7E646ECC41C}.Debug|x64.Build.0 = Debug|Any CPU
		{11AC9B63-1450-4B66-84C7-D7E646ECC41C}.Debug|x86.ActiveCfg = Debug|Any CPU
		{11AC9B63-1450-4B66-84C7-D7E646ECC41C}.Debug|x86.Build.0 = Debug|Any CPU
		{11AC9B63-1450-4B66-84C7-D7E646ECC41C}.Release|Any CPU.ActiveCfg = Release|Any CPU
		{11AC9B63-1450-4B66-84C7-D7E646ECC41C}.Release|Any CPU.Build.0 = Release|Any CPU
		{11AC9B63-1450-4B66-84C7-D7E646ECC41C}.Release|ARM.ActiveCfg = Release|Any CPU
		{11AC9B63-1450-4B66-84C7-D7E646ECC41C}.Release|ARM.Build.0 = Release|Any CPU
		{11AC9B63-1450-4B66-84C7-D7E646ECC41C}.Release|ARM64.ActiveCfg = Release|Any CPU
		{11AC9B63-1450-4B66-84C7-D7E646ECC41C}.Release|ARM64.Build.0 = Release|Any CPU
		{11AC9B63-1450-4B66-84C7-D7E646ECC41C}.Release|iPhone.ActiveCfg = Release|Any CPU
		{11AC9B63-1450-4B66-84C7-D7E646ECC41C}.Release|iPhone.Build.0 = Release|Any CPU
		{11AC9B63-1450-4B66-84C7-D7E646ECC41C}.Release|iPhoneSimulator.ActiveCfg = Release|Any CPU
		{11AC9B63-1450-4B66-84C7-D7E646ECC41C}.Release|iPhoneSimulator.Build.0 = Release|Any CPU
		{11AC9B63-1450-4B66-84C7-D7E646ECC41C}.Release|x64.ActiveCfg = Release|Any CPU
		{11AC9B63-1450-4B66-84C7-D7E646ECC41C}.Release|x64.Build.0 = Release|Any CPU
		{11AC9B63-1450-4B66-84C7-D7E646ECC41C}.Release|x86.ActiveCfg = Release|Any CPU
		{11AC9B63-1450-4B66-84C7-D7E646ECC41C}.Release|x86.Build.0 = Release|Any CPU
		{48A1152D-D439-4E71-9943-959195E5AD67}.Ad-Hoc|Any CPU.ActiveCfg = Debug|Any CPU
		{48A1152D-D439-4E71-9943-959195E5AD67}.Ad-Hoc|Any CPU.Build.0 = Debug|Any CPU
		{48A1152D-D439-4E71-9943-959195E5AD67}.Ad-Hoc|ARM.ActiveCfg = Debug|Any CPU
		{48A1152D-D439-4E71-9943-959195E5AD67}.Ad-Hoc|ARM.Build.0 = Debug|Any CPU
		{48A1152D-D439-4E71-9943-959195E5AD67}.Ad-Hoc|ARM64.ActiveCfg = Debug|Any CPU
		{48A1152D-D439-4E71-9943-959195E5AD67}.Ad-Hoc|ARM64.Build.0 = Debug|Any CPU
		{48A1152D-D439-4E71-9943-959195E5AD67}.Ad-Hoc|iPhone.ActiveCfg = Debug|Any CPU
		{48A1152D-D439-4E71-9943-959195E5AD67}.Ad-Hoc|iPhone.Build.0 = Debug|Any CPU
		{48A1152D-D439-4E71-9943-959195E5AD67}.Ad-Hoc|iPhoneSimulator.ActiveCfg = Debug|Any CPU
		{48A1152D-D439-4E71-9943-959195E5AD67}.Ad-Hoc|iPhoneSimulator.Build.0 = Debug|Any CPU
		{48A1152D-D439-4E71-9943-959195E5AD67}.Ad-Hoc|x64.ActiveCfg = Debug|Any CPU
		{48A1152D-D439-4E71-9943-959195E5AD67}.Ad-Hoc|x64.Build.0 = Debug|Any CPU
		{48A1152D-D439-4E71-9943-959195E5AD67}.Ad-Hoc|x86.ActiveCfg = Debug|Any CPU
		{48A1152D-D439-4E71-9943-959195E5AD67}.Ad-Hoc|x86.Build.0 = Debug|Any CPU
		{48A1152D-D439-4E71-9943-959195E5AD67}.AppStore|Any CPU.ActiveCfg = Debug|Any CPU
		{48A1152D-D439-4E71-9943-959195E5AD67}.AppStore|Any CPU.Build.0 = Debug|Any CPU
		{48A1152D-D439-4E71-9943-959195E5AD67}.AppStore|ARM.ActiveCfg = Debug|Any CPU
		{48A1152D-D439-4E71-9943-959195E5AD67}.AppStore|ARM.Build.0 = Debug|Any CPU
		{48A1152D-D439-4E71-9943-959195E5AD67}.AppStore|ARM64.ActiveCfg = Debug|Any CPU
		{48A1152D-D439-4E71-9943-959195E5AD67}.AppStore|ARM64.Build.0 = Debug|Any CPU
		{48A1152D-D439-4E71-9943-959195E5AD67}.AppStore|iPhone.ActiveCfg = Debug|Any CPU
		{48A1152D-D439-4E71-9943-959195E5AD67}.AppStore|iPhone.Build.0 = Debug|Any CPU
		{48A1152D-D439-4E71-9943-959195E5AD67}.AppStore|iPhoneSimulator.ActiveCfg = Debug|Any CPU
		{48A1152D-D439-4E71-9943-959195E5AD67}.AppStore|iPhoneSimulator.Build.0 = Debug|Any CPU
		{48A1152D-D439-4E71-9943-959195E5AD67}.AppStore|x64.ActiveCfg = Debug|Any CPU
		{48A1152D-D439-4E71-9943-959195E5AD67}.AppStore|x64.Build.0 = Debug|Any CPU
		{48A1152D-D439-4E71-9943-959195E5AD67}.AppStore|x86.ActiveCfg = Debug|Any CPU
		{48A1152D-D439-4E71-9943-959195E5AD67}.AppStore|x86.Build.0 = Debug|Any CPU
		{48A1152D-D439-4E71-9943-959195E5AD67}.Debug|Any CPU.ActiveCfg = Debug|Any CPU
		{48A1152D-D439-4E71-9943-959195E5AD67}.Debug|Any CPU.Build.0 = Debug|Any CPU
		{48A1152D-D439-4E71-9943-959195E5AD67}.Debug|ARM.ActiveCfg = Debug|Any CPU
		{48A1152D-D439-4E71-9943-959195E5AD67}.Debug|ARM.Build.0 = Debug|Any CPU
		{48A1152D-D439-4E71-9943-959195E5AD67}.Debug|ARM64.ActiveCfg = Debug|Any CPU
		{48A1152D-D439-4E71-9943-959195E5AD67}.Debug|ARM64.Build.0 = Debug|Any CPU
		{48A1152D-D439-4E71-9943-959195E5AD67}.Debug|iPhone.ActiveCfg = Debug|Any CPU
		{48A1152D-D439-4E71-9943-959195E5AD67}.Debug|iPhone.Build.0 = Debug|Any CPU
		{48A1152D-D439-4E71-9943-959195E5AD67}.Debug|iPhoneSimulator.ActiveCfg = Debug|Any CPU
		{48A1152D-D439-4E71-9943-959195E5AD67}.Debug|iPhoneSimulator.Build.0 = Debug|Any CPU
		{48A1152D-D439-4E71-9943-959195E5AD67}.Debug|x64.ActiveCfg = Debug|Any CPU
		{48A1152D-D439-4E71-9943-959195E5AD67}.Debug|x64.Build.0 = Debug|Any CPU
		{48A1152D-D439-4E71-9943-959195E5AD67}.Debug|x86.ActiveCfg = Debug|Any CPU
		{48A1152D-D439-4E71-9943-959195E5AD67}.Debug|x86.Build.0 = Debug|Any CPU
		{48A1152D-D439-4E71-9943-959195E5AD67}.Release|Any CPU.ActiveCfg = Release|Any CPU
		{48A1152D-D439-4E71-9943-959195E5AD67}.Release|Any CPU.Build.0 = Release|Any CPU
		{48A1152D-D439-4E71-9943-959195E5AD67}.Release|ARM.ActiveCfg = Release|Any CPU
		{48A1152D-D439-4E71-9943-959195E5AD67}.Release|ARM.Build.0 = Release|Any CPU
		{48A1152D-D439-4E71-9943-959195E5AD67}.Release|ARM64.ActiveCfg = Release|Any CPU
		{48A1152D-D439-4E71-9943-959195E5AD67}.Release|ARM64.Build.0 = Release|Any CPU
		{48A1152D-D439-4E71-9943-959195E5AD67}.Release|iPhone.ActiveCfg = Release|Any CPU
		{48A1152D-D439-4E71-9943-959195E5AD67}.Release|iPhone.Build.0 = Release|Any CPU
		{48A1152D-D439-4E71-9943-959195E5AD67}.Release|iPhoneSimulator.ActiveCfg = Release|Any CPU
		{48A1152D-D439-4E71-9943-959195E5AD67}.Release|iPhoneSimulator.Build.0 = Release|Any CPU
		{48A1152D-D439-4E71-9943-959195E5AD67}.Release|x64.ActiveCfg = Release|Any CPU
		{48A1152D-D439-4E71-9943-959195E5AD67}.Release|x64.Build.0 = Release|Any CPU
		{48A1152D-D439-4E71-9943-959195E5AD67}.Release|x86.ActiveCfg = Release|Any CPU
		{48A1152D-D439-4E71-9943-959195E5AD67}.Release|x86.Build.0 = Release|Any CPU
	EndGlobalSection
	GlobalSection(SolutionProperties) = preSolution
		HideSolutionNode = FALSE
	EndGlobalSection
	GlobalSection(NestedProjects) = preSolution
		{F200CBE1-C500-4AF8-A8C2-F4E2E3337B59} = {42F87192-2A5F-4240-9D99-A14E8C37EFBD}
		{28FD541E-9EDE-4CF0-AFDE-0DB3D9490641} = {42F87192-2A5F-4240-9D99-A14E8C37EFBD}
		{432080AA-7FB7-422A-B066-885372800272} = {42F87192-2A5F-4240-9D99-A14E8C37EFBD}
		{18A5D8E5-0ABB-496D-975F-007B4CFC9A25} = {42F87192-2A5F-4240-9D99-A14E8C37EFBD}
		{32CF33BD-F381-430C-A861-65B598F79975} = {42F87192-2A5F-4240-9D99-A14E8C37EFBD}
		{A0075F25-1F77-42DD-9A76-6F9346F98C4E} = {42F87192-2A5F-4240-9D99-A14E8C37EFBD}
		{49C65BC3-BB59-4E7A-B34B-AB26F6B12238} = {42F87192-2A5F-4240-9D99-A14E8C37EFBD}
		{11AC9B63-1450-4B66-84C7-D7E646ECC41C} = {42F87192-2A5F-4240-9D99-A14E8C37EFBD}
		{48A1152D-D439-4E71-9943-959195E5AD67} = {42F87192-2A5F-4240-9D99-A14E8C37EFBD}
	EndGlobalSection
	GlobalSection(ExtensibilityGlobals) = postSolution
		SolutionGuid = {D8119EE3-2EC4-4246-9066-14B3707A05A2}
	EndGlobalSection
	GlobalSection(SharedMSBuildProjectFiles) = preSolution
		CoolapkUNO\CoolapkUNO.Shared\CoolapkUNO.Shared.projitems*{11ac9b63-1450-4b66-84c7-d7e646ecc41c}*SharedItemsImports = 5
		CoolapkUNO\CoolapkUNO.Shared\CoolapkUNO.Shared.projitems*{18a5d8e5-0abb-496d-975f-007b4cfc9a25}*SharedItemsImports = 5
		CoolapkUNO\CoolapkUNO.Shared\CoolapkUNO.Shared.projitems*{28fd541e-9ede-4cf0-afde-0db3d9490641}*SharedItemsImports = 4
		CoolapkUNO\CoolapkUNO.Shared\CoolapkUNO.Shared.projitems*{32cf33bd-f381-430c-a861-65b598f79975}*SharedItemsImports = 4
		CoolapkUNO\CoolapkUNO.Shared\CoolapkUNO.Shared.projitems*{432080aa-7fb7-422a-b066-885372800272}*SharedItemsImports = 4
		CoolapkUNO\CoolapkUNO.Shared\CoolapkUNO.Shared.projitems*{48a1152d-d439-4e71-9943-959195e5ad67}*SharedItemsImports = 5
		CoolapkUNO\CoolapkUNO.Shared\CoolapkUNO.Shared.projitems*{49c65bc3-bb59-4e7a-b34b-ab26f6b12238}*SharedItemsImports = 5
		CoolapkUNO\CoolapkUNO.Shared\CoolapkUNO.Shared.projitems*{6279c845-92f8-4333-ab99-3d213163593c}*SharedItemsImports = 13
		CoolapkUNO\CoolapkUNO.Shared\CoolapkUNO.Shared.projitems*{f200cbe1-c500-4af8-a8c2-f4e2e3337b59}*SharedItemsImports = 4
	EndGlobalSection
EndGlobal
